{
  "version": 4,
  "terraform_version": "1.6.6",
  "serial": 1058,
  "lineage": "c789853c-60ea-8309-a714-0f0bd9d3758b",
  "outputs": {
    "external_ip_address_balance_nginx1": {
      "value": "51.250.72.87",
      "type": "string"
    },
    "external_ip_address_balance_nginx2": {
      "value": "51.250.25.68",
      "type": "string"
    },
    "internal_ip_address_backend1_nginx": {
      "value": "10.10.10.27",
      "type": "string"
    },
    "internal_ip_address_backend2_nginx": {
      "value": "10.10.10.9",
      "type": "string"
    },
    "internal_ip_address_backend3_nginx": {
      "value": "10.10.11.31",
      "type": "string"
    },
    "internal_ip_address_balance_nginx1": {
      "value": "10.10.12.18",
      "type": "string"
    },
    "internal_ip_address_balance_nginx2": {
      "value": "10.10.13.8",
      "type": "string"
    },
    "internal_ip_address_db": {
      "value": "10.10.10.25",
      "type": "string"
    },
    "internal_ip_address_iscsi": {
      "value": "10.10.10.37",
      "type": "string"
    },
    "lb_ip_address": {
      "value": "158.160.143.41",
      "type": "string"
    }
  },
  "resources": [
    {
      "mode": "managed",
      "type": "local_file",
      "name": "inventory",
      "provider": "provider[\"registry.terraform.io/hashicorp/local\"]",
      "instances": [
        {
          "schema_version": 0,
          "attributes": {
            "content": "---\n\nall:\n  children:\n    nginx_balance:\n      hosts:\n        front1:\n          ansible_host: \"51.250.72.87\"\n          ansible_private_key_file: \"~/.ssh/id_rsa.pub\"\n        front2:\n          ansible_host: \"51.250.25.68\"\n          ansible_private_key_file: \"~/.ssh/id_rsa.pub\"     \n    pcs_servers:\n      hosts:\n        pcs1:\n          ansible_host: \"10.10.10.27\" \n          ansible_private_key_file: \"~/.ssh/id_rsa.pub\"\n        pcs2:\n          ansible_host: \"10.10.10.9\" \n          ansible_private_key_file: \"~/.ssh/id_rsa.pub\"       \n        pcs3:\n          ansible_host: \"10.10.11.31\" \n          ansible_private_key_file: \"~/.ssh/id_rsa.pub\"    \n       \n    iscsi_server:\n      hosts:\n        iscsi:\n          ansible_host: \"10.10.10.37\" \n          ansible_private_key_file: \"~/.ssh/id_rsa.pub\"\n\n    db:\n      hosts:\n        db:\n          ansible_host: \"10.10.10.25\"\n          ansible_private_key_file: \"~/.ssh/id_rsa.pub\"\n            \n  vars:\n    domain: \"mydomain.test\"\n    ntp_timezone: \"UTC\"\n    pcs_password: \"strong_pass\" # cluster user: hacluster\n    cluster_name: \"hacluster\"\n    iqn_server: \"iqn.2024-01.ru.otus:storage.target00\"\n    ip_pcs1: \"10.10.10.27\" \n    ip_pcs2: \"10.10.10.9\"\n    ip_pcs3: \"10.10.11.31\" \n...\n",
            "content_base64": null,
            "content_base64sha256": "mUWiDd/k5uhq2Le3NqcbovnqXA6VFam+Pj+Xiz8i05o=",
            "content_base64sha512": "PrfITQyhLJQztrnpgp0YBMdXTqk8qpOHR0fWvkc57p//DPeLKUBkVS15eMXiBNmtSwVsPWiJqusj6Ll2R7DwpA==",
            "content_md5": "23ac584fc2441c06d1955a3d984f1bb8",
            "content_sha1": "f233f78103459930964211cba15006b9914a9936",
            "content_sha256": "9945a20ddfe4e6e86ad8b7b736a71ba2f9ea5c0e9515a9be3e3f978b3f22d39a",
            "content_sha512": "3eb7c84d0ca12c9433b6b9e9829d1804c7574ea93caa93874747d6be4739ee9fff0cf78b294064552d7978c5e204d9ad4b056c3d6889aaeb23e8b97647b0f0a4",
            "directory_permission": "0777",
            "file_permission": "0777",
            "filename": "./ansible/inventory.yaml",
            "id": "f233f78103459930964211cba15006b9914a9936",
            "sensitive_content": null,
            "source": null
          },
          "sensitive_attributes": [],
          "dependencies": [
            "yandex_compute_disk.empty-disk",
            "yandex_compute_instance.backend_nginx1",
            "yandex_compute_instance.backend_nginx2",
            "yandex_compute_instance.backend_nginx3",
            "yandex_compute_instance.balance_nginx1",
            "yandex_compute_instance.balance_nginx2",
            "yandex_compute_instance.db",
            "yandex_compute_instance.iscsi_target",
            "yandex_lb_network_load_balancer.nlb",
            "yandex_lb_target_group.target_gr1",
            "yandex_lb_target_group.target_gr2",
            "yandex_vpc_network.vpc",
            "yandex_vpc_route_table.nat-instance-route1",
            "yandex_vpc_route_table.nat-instance-route2",
            "yandex_vpc_security_group.nat-instance-sg",
            "yandex_vpc_subnet.private_subnet1",
            "yandex_vpc_subnet.private_subnet2",
            "yandex_vpc_subnet.public_subnet1",
            "yandex_vpc_subnet.public_subnet2"
          ]
        }
      ]
    },
    {
      "mode": "managed",
      "type": "local_file",
      "name": "nginx_file1",
      "provider": "provider[\"registry.terraform.io/hashicorp/local\"]",
      "instances": [
        {
          "schema_version": 0,
          "attributes": {
            "content": "upstream backend {\n\tserver 10.10.10.27;\n\tserver 10.10.10.9;\n  server 10.10.11.31;\n}\n\nserver {\n\tlisten 80;\n\tserver_name 51.250.72.87;\n\t\nlocation / {\n  proxy_pass http://backend;\n\t}\n }\n",
            "content_base64": null,
            "content_base64sha256": "TK5IffaQYU6uGEm7WBfkmYtm+YmGbido3BBQ2pdHp88=",
            "content_base64sha512": "Eyl9El5arnoYCLB6Rcd3waPVIOH70SlVxYns2CYQUNX8e5OCH/AjRzFKArLxnkF4glDtM5zWMtuj+Bcu480YnQ==",
            "content_md5": "f4f964dd4d5bfd24ab288f2292e850ad",
            "content_sha1": "281cdcc1d0fc9cf405ece9c92dd1e0c9034f42f1",
            "content_sha256": "4cae487df690614eae1849bb5817e4998b66f989866e2768dc1050da9747a7cf",
            "content_sha512": "13297d125e5aae7a1808b07a45c777c1a3d520e1fbd12955c589ecd8261050d5fc7b93821ff02347314a02b2f19e41788250ed339cd632dba3f8172ee3cd189d",
            "directory_permission": "0777",
            "file_permission": "0777",
            "filename": "default",
            "id": "281cdcc1d0fc9cf405ece9c92dd1e0c9034f42f1",
            "sensitive_content": null,
            "source": null
          },
          "sensitive_attributes": [],
          "dependencies": [
            "local_file.inventory",
            "local_file.ssh_jump_env",
            "yandex_compute_disk.empty-disk",
            "yandex_compute_instance.backend_nginx1",
            "yandex_compute_instance.backend_nginx2",
            "yandex_compute_instance.backend_nginx3",
            "yandex_compute_instance.balance_nginx1",
            "yandex_compute_instance.balance_nginx2",
            "yandex_compute_instance.db",
            "yandex_compute_instance.iscsi_target",
            "yandex_lb_network_load_balancer.nlb",
            "yandex_lb_target_group.target_gr1",
            "yandex_lb_target_group.target_gr2",
            "yandex_vpc_network.vpc",
            "yandex_vpc_route_table.nat-instance-route1",
            "yandex_vpc_route_table.nat-instance-route2",
            "yandex_vpc_security_group.nat-instance-sg",
            "yandex_vpc_subnet.private_subnet1",
            "yandex_vpc_subnet.private_subnet2",
            "yandex_vpc_subnet.public_subnet1",
            "yandex_vpc_subnet.public_subnet2"
          ]
        }
      ]
    },
    {
      "mode": "managed",
      "type": "local_file",
      "name": "nginx_file2",
      "provider": "provider[\"registry.terraform.io/hashicorp/local\"]",
      "instances": [
        {
          "schema_version": 0,
          "attributes": {
            "content": "upstream backend {\n\tserver 10.10.10.27;\n\tserver 10.10.10.9;\n  server 10.10.11.31;\n}\n\nserver {\n\tlisten 80;\n\tserver_name 51.250.25.68;\n\t\nlocation / {\n  proxy_pass http://backend;\n\t}\n }\n",
            "content_base64": null,
            "content_base64sha256": "sWSSpU7xDYOAoml1Qtlk1QAiVcbKuI1qNiWSlRqnN4w=",
            "content_base64sha512": "yWFkzBeepey4VO9f3mDPqMVc4gGrZX1WqisTiBUbFuPVJnawl3fh1Rjvlder2EqdO7LM5SfRzUqwDrITM0tlWg==",
            "content_md5": "eaa0be8af04905bf8bb69707931b0bb4",
            "content_sha1": "f543ab3180cc0dce02f9c61a459e2b48ac0efc3c",
            "content_sha256": "b16492a54ef10d8380a2697542d964d5002255c6cab88d6a362592951aa7378c",
            "content_sha512": "c96164cc179ea5ecb854ef5fde60cfa8c55ce201ab657d56aa2b1388151b16e3d52676b09777e1d518ef95d7abd84a9d3bb2cce527d1cd4ab00eb213334b655a",
            "directory_permission": "0777",
            "file_permission": "0777",
            "filename": "default2",
            "id": "f543ab3180cc0dce02f9c61a459e2b48ac0efc3c",
            "sensitive_content": null,
            "source": null
          },
          "sensitive_attributes": [],
          "dependencies": [
            "local_file.inventory",
            "local_file.nginx_file1",
            "local_file.ssh_jump_env",
            "yandex_compute_disk.empty-disk",
            "yandex_compute_instance.backend_nginx1",
            "yandex_compute_instance.backend_nginx2",
            "yandex_compute_instance.backend_nginx3",
            "yandex_compute_instance.balance_nginx1",
            "yandex_compute_instance.balance_nginx2",
            "yandex_compute_instance.db",
            "yandex_compute_instance.iscsi_target",
            "yandex_lb_network_load_balancer.nlb",
            "yandex_lb_target_group.target_gr1",
            "yandex_lb_target_group.target_gr2",
            "yandex_vpc_network.vpc",
            "yandex_vpc_route_table.nat-instance-route1",
            "yandex_vpc_route_table.nat-instance-route2",
            "yandex_vpc_security_group.nat-instance-sg",
            "yandex_vpc_subnet.private_subnet1",
            "yandex_vpc_subnet.private_subnet2",
            "yandex_vpc_subnet.public_subnet1",
            "yandex_vpc_subnet.public_subnet2"
          ]
        }
      ]
    },
    {
      "mode": "managed",
      "type": "local_file",
      "name": "ssh_jump_env",
      "provider": "provider[\"registry.terraform.io/hashicorp/local\"]",
      "instances": [
        {
          "schema_version": 0,
          "attributes": {
            "content": "---\nansible_ssh_common_args: '-o StrictHostKeyChecking=no -o UserKnownHostsFile=/dev/null -o ProxyCommand=\"ssh -W %h:%p -q centos@\"51.250.72.87\"\"'\n...\n",
            "content_base64": null,
            "content_base64sha256": "hWgxXl0EeFepqDIHOVSoeFmLcKhKlX6RAH+qf3pKZ4s=",
            "content_base64sha512": "SBwJduxZn0akFaiJp7opd2a2mwrdLEW5w1PAMY+3lJ6yD8LurGbnpA46TU1S2Kuhmw6N++hbSF5k1Kcmkyz4sQ==",
            "content_md5": "b8dc2dac5a88189f329e4b526fac8d9c",
            "content_sha1": "30ac26eff3e954f3b9e3276ea6d0c38f2a37c60c",
            "content_sha256": "8568315e5d047857a9a832073954a878598b70a84a957e91007faa7f7a4a678b",
            "content_sha512": "481c0976ec599f46a415a889a7ba297766b69b0add2c45b9c353c0318fb7949eb20fc2eeac66e7a40e3a4d4d52d8aba19b0e8dfbe85b485e64d4a726932cf8b1",
            "directory_permission": "0777",
            "file_permission": "0777",
            "filename": "./ansible/group_vars/all/vars.yml",
            "id": "30ac26eff3e954f3b9e3276ea6d0c38f2a37c60c",
            "sensitive_content": null,
            "source": null
          },
          "sensitive_attributes": [],
          "dependencies": [
            "local_file.inventory",
            "yandex_compute_disk.empty-disk",
            "yandex_compute_instance.backend_nginx1",
            "yandex_compute_instance.backend_nginx2",
            "yandex_compute_instance.backend_nginx3",
            "yandex_compute_instance.balance_nginx1",
            "yandex_compute_instance.balance_nginx2",
            "yandex_compute_instance.db",
            "yandex_compute_instance.iscsi_target",
            "yandex_lb_network_load_balancer.nlb",
            "yandex_lb_target_group.target_gr1",
            "yandex_lb_target_group.target_gr2",
            "yandex_vpc_network.vpc",
            "yandex_vpc_route_table.nat-instance-route1",
            "yandex_vpc_route_table.nat-instance-route2",
            "yandex_vpc_security_group.nat-instance-sg",
            "yandex_vpc_subnet.private_subnet1",
            "yandex_vpc_subnet.private_subnet2",
            "yandex_vpc_subnet.public_subnet1",
            "yandex_vpc_subnet.public_subnet2"
          ]
        }
      ]
    },
    {
      "mode": "managed",
      "type": "null_resource",
      "name": "ansible_nginx",
      "provider": "provider[\"registry.terraform.io/hashicorp/null\"]",
      "instances": [
        {
          "status": "tainted",
          "schema_version": 0,
          "attributes": {
            "id": "6616612737628140316",
            "triggers": null
          },
          "sensitive_attributes": [],
          "dependencies": [
            "local_file.inventory",
            "local_file.nginx_file1",
            "local_file.nginx_file2",
            "local_file.ssh_jump_env",
            "null_resource.wait",
            "yandex_compute_disk.empty-disk",
            "yandex_compute_instance.backend_nginx1",
            "yandex_compute_instance.backend_nginx2",
            "yandex_compute_instance.backend_nginx3",
            "yandex_compute_instance.balance_nginx1",
            "yandex_compute_instance.balance_nginx2",
            "yandex_compute_instance.db",
            "yandex_compute_instance.iscsi_target",
            "yandex_lb_network_load_balancer.nlb",
            "yandex_lb_target_group.target_gr1",
            "yandex_lb_target_group.target_gr2",
            "yandex_vpc_network.vpc",
            "yandex_vpc_route_table.nat-instance-route1",
            "yandex_vpc_route_table.nat-instance-route2",
            "yandex_vpc_security_group.nat-instance-sg",
            "yandex_vpc_subnet.private_subnet1",
            "yandex_vpc_subnet.private_subnet2",
            "yandex_vpc_subnet.public_subnet1",
            "yandex_vpc_subnet.public_subnet2"
          ]
        }
      ]
    },
    {
      "mode": "managed",
      "type": "null_resource",
      "name": "wait",
      "provider": "provider[\"registry.terraform.io/hashicorp/null\"]",
      "instances": [
        {
          "schema_version": 0,
          "attributes": {
            "id": "1793445364802947824",
            "triggers": null
          },
          "sensitive_attributes": [],
          "dependencies": [
            "local_file.inventory",
            "local_file.nginx_file1",
            "local_file.nginx_file2",
            "local_file.ssh_jump_env",
            "yandex_compute_disk.empty-disk",
            "yandex_compute_instance.backend_nginx1",
            "yandex_compute_instance.backend_nginx2",
            "yandex_compute_instance.backend_nginx3",
            "yandex_compute_instance.balance_nginx1",
            "yandex_compute_instance.balance_nginx2",
            "yandex_compute_instance.db",
            "yandex_compute_instance.iscsi_target",
            "yandex_lb_network_load_balancer.nlb",
            "yandex_lb_target_group.target_gr1",
            "yandex_lb_target_group.target_gr2",
            "yandex_vpc_network.vpc",
            "yandex_vpc_route_table.nat-instance-route1",
            "yandex_vpc_route_table.nat-instance-route2",
            "yandex_vpc_security_group.nat-instance-sg",
            "yandex_vpc_subnet.private_subnet1",
            "yandex_vpc_subnet.private_subnet2",
            "yandex_vpc_subnet.public_subnet1",
            "yandex_vpc_subnet.public_subnet2"
          ]
        }
      ]
    },
    {
      "mode": "managed",
      "type": "yandex_compute_disk",
      "name": "empty-disk",
      "provider": "provider[\"registry.terraform.io/yandex-cloud/yandex\"]",
      "instances": [
        {
          "schema_version": 0,
          "attributes": {
            "allow_recreate": null,
            "block_size": 4096,
            "created_at": "2024-01-10T20:36:01Z",
            "description": "",
            "disk_placement_policy": [
              {
                "disk_placement_group_id": ""
              }
            ],
            "folder_id": "b1ggf0njdafu0q8tluif",
            "id": "fhmkji0qt3bu16qibq81",
            "image_id": "",
            "labels": null,
            "name": "empty-disk",
            "product_ids": [],
            "size": 20,
            "snapshot_id": "",
            "status": "ready",
            "timeouts": null,
            "type": "network-hdd",
            "zone": "ru-central1-a"
          },
          "sensitive_attributes": [],
          "private": "eyJlMmJmYjczMC1lY2FhLTExZTYtOGY4OC0zNDM2M2JjN2M0YzAiOnsiY3JlYXRlIjozMDAwMDAwMDAwMDAsImRlbGV0ZSI6MzAwMDAwMDAwMDAwLCJ1cGRhdGUiOjMwMDAwMDAwMDAwMH19"
        }
      ]
    },
    {
      "mode": "managed",
      "type": "yandex_compute_instance",
      "name": "backend_nginx1",
      "provider": "provider[\"registry.terraform.io/yandex-cloud/yandex\"]",
      "instances": [
        {
          "schema_version": 1,
          "attributes": {
            "allow_recreate": null,
            "allow_stopping_for_update": null,
            "boot_disk": [
              {
                "auto_delete": true,
                "device_name": "fhmmm0j5efpfjfkdin1d",
                "disk_id": "fhmmm0j5efpfjfkdin1d",
                "initialize_params": [
                  {
                    "block_size": 4096,
                    "description": "",
                    "image_id": "fd8i5298136bt9mrprke",
                    "name": "",
                    "size": 10,
                    "snapshot_id": "",
                    "type": "network-ssd"
                  }
                ],
                "mode": "READ_WRITE"
              }
            ],
            "created_at": "2024-01-10T20:36:47Z",
            "description": "",
            "filesystem": [],
            "folder_id": "b1ggf0njdafu0q8tluif",
            "fqdn": "backend1.ru-central1.internal",
            "gpu_cluster_id": "",
            "hostname": "backend1",
            "id": "fhmesksbdctplim0lhcu",
            "labels": null,
            "local_disk": [],
            "metadata": {
              "ssh-keys": "ubuntu:ssh-rsa AAAAB3NzaC1yc2EAAAADAQABAAABgQC5af1ShjAsRAvupCw9x/+B0zOFepVLOnrSZ6DLKv6oKuhq6DyhUPWZxALr3yMSeWlYG3o27x1WF8arkKcXf0MFI+TKVUrynEgdiIj4N6paCEYHjUkKKAnA0pgatiFaJ4gPgFEcMi5zYyL61HhL81NM76UrxQ/x6/TgxRTenscN53BUSO09hpAVshGGASOM1LsdN+OtuCsuOaLwDpmXpsZs5eqqnPl+rNltcwKQ65ZlIs2vvEySB0d/nzOMzQ8FaBO4BkSPXl/mjpiXoMlmXuEMBMvxSznGYYbPpHNpCJOydv4XneBOMGMWHD+qj2hP9Uc+zXVlkmX/lU6KI+43EQKZR9SshhmUAT87hu5WBOKUeSJjna2Hu02nuXaO7rwMdDrWN+dOlji7KvT/132/ruO9IXJqPAjr4skGBYcUI9lxXbtx85i2C+m35Mmg1s0fQlu6MnTWMEF9r+4eFvuKhJjQVtQeIGF8VDIWj3Ma5GtXOQTYrKG66QSS6FGsefkX21c= vk@vk-pc\n"
            },
            "metadata_options": [
              {
                "aws_v1_http_endpoint": 1,
                "aws_v1_http_token": 2,
                "gce_http_endpoint": 1,
                "gce_http_token": 1
              }
            ],
            "name": "backend1",
            "network_acceleration_type": "standard",
            "network_interface": [
              {
                "dns_record": [],
                "index": 0,
                "ip_address": "10.10.10.27",
                "ipv4": true,
                "ipv6": false,
                "ipv6_address": "",
                "ipv6_dns_record": [],
                "mac_address": "d0:0d:ee:53:8b:6b",
                "nat": false,
                "nat_dns_record": [],
                "nat_ip_address": "",
                "nat_ip_version": "",
                "security_group_ids": [
                  "enpdr9cqdskarvfgj9qr"
                ],
                "subnet_id": "e9b15mtm2ij17mqnj51q"
              }
            ],
            "placement_policy": [
              {
                "host_affinity_rules": [],
                "placement_group_id": ""
              }
            ],
            "platform_id": "standard-v3",
            "resources": [
              {
                "core_fraction": 100,
                "cores": 2,
                "gpus": 0,
                "memory": 4
              }
            ],
            "scheduling_policy": [
              {
                "preemptible": false
              }
            ],
            "secondary_disk": [],
            "service_account_id": "",
            "status": "running",
            "timeouts": null,
            "zone": "ru-central1-a"
          },
          "sensitive_attributes": [],
          "private": "eyJlMmJmYjczMC1lY2FhLTExZTYtOGY4OC0zNDM2M2JjN2M0YzAiOnsiY3JlYXRlIjozMDAwMDAwMDAwMDAsImRlbGV0ZSI6MzAwMDAwMDAwMDAwLCJ1cGRhdGUiOjMwMDAwMDAwMDAwMH0sInNjaGVtYV92ZXJzaW9uIjoiMSJ9",
          "dependencies": [
            "yandex_compute_instance.balance_nginx1",
            "yandex_vpc_network.vpc",
            "yandex_vpc_route_table.nat-instance-route1",
            "yandex_vpc_security_group.nat-instance-sg",
            "yandex_vpc_subnet.private_subnet1",
            "yandex_vpc_subnet.public_subnet1"
          ]
        }
      ]
    },
    {
      "mode": "managed",
      "type": "yandex_compute_instance",
      "name": "backend_nginx2",
      "provider": "provider[\"registry.terraform.io/yandex-cloud/yandex\"]",
      "instances": [
        {
          "schema_version": 1,
          "attributes": {
            "allow_recreate": null,
            "allow_stopping_for_update": null,
            "boot_disk": [
              {
                "auto_delete": true,
                "device_name": "fhm3rn60fpl6bujl3kbb",
                "disk_id": "fhm3rn60fpl6bujl3kbb",
                "initialize_params": [
                  {
                    "block_size": 4096,
                    "description": "",
                    "image_id": "fd8i5298136bt9mrprke",
                    "name": "",
                    "size": 10,
                    "snapshot_id": "",
                    "type": "network-ssd"
                  }
                ],
                "mode": "READ_WRITE"
              }
            ],
            "created_at": "2024-01-10T20:36:47Z",
            "description": "",
            "filesystem": [],
            "folder_id": "b1ggf0njdafu0q8tluif",
            "fqdn": "backend2.ru-central1.internal",
            "gpu_cluster_id": "",
            "hostname": "backend2",
            "id": "fhm56psgv81j0e148qpe",
            "labels": null,
            "local_disk": [],
            "metadata": {
              "ssh-keys": "ubuntu:ssh-rsa AAAAB3NzaC1yc2EAAAADAQABAAABgQC5af1ShjAsRAvupCw9x/+B0zOFepVLOnrSZ6DLKv6oKuhq6DyhUPWZxALr3yMSeWlYG3o27x1WF8arkKcXf0MFI+TKVUrynEgdiIj4N6paCEYHjUkKKAnA0pgatiFaJ4gPgFEcMi5zYyL61HhL81NM76UrxQ/x6/TgxRTenscN53BUSO09hpAVshGGASOM1LsdN+OtuCsuOaLwDpmXpsZs5eqqnPl+rNltcwKQ65ZlIs2vvEySB0d/nzOMzQ8FaBO4BkSPXl/mjpiXoMlmXuEMBMvxSznGYYbPpHNpCJOydv4XneBOMGMWHD+qj2hP9Uc+zXVlkmX/lU6KI+43EQKZR9SshhmUAT87hu5WBOKUeSJjna2Hu02nuXaO7rwMdDrWN+dOlji7KvT/132/ruO9IXJqPAjr4skGBYcUI9lxXbtx85i2C+m35Mmg1s0fQlu6MnTWMEF9r+4eFvuKhJjQVtQeIGF8VDIWj3Ma5GtXOQTYrKG66QSS6FGsefkX21c= vk@vk-pc\n"
            },
            "metadata_options": [
              {
                "aws_v1_http_endpoint": 1,
                "aws_v1_http_token": 2,
                "gce_http_endpoint": 1,
                "gce_http_token": 1
              }
            ],
            "name": "backend2",
            "network_acceleration_type": "standard",
            "network_interface": [
              {
                "dns_record": [],
                "index": 0,
                "ip_address": "10.10.10.9",
                "ipv4": true,
                "ipv6": false,
                "ipv6_address": "",
                "ipv6_dns_record": [],
                "mac_address": "d0:0d:53:67:90:fa",
                "nat": false,
                "nat_dns_record": [],
                "nat_ip_address": "",
                "nat_ip_version": "",
                "security_group_ids": [
                  "enpdr9cqdskarvfgj9qr"
                ],
                "subnet_id": "e9b15mtm2ij17mqnj51q"
              }
            ],
            "placement_policy": [
              {
                "host_affinity_rules": [],
                "placement_group_id": ""
              }
            ],
            "platform_id": "standard-v3",
            "resources": [
              {
                "core_fraction": 100,
                "cores": 2,
                "gpus": 0,
                "memory": 4
              }
            ],
            "scheduling_policy": [
              {
                "preemptible": false
              }
            ],
            "secondary_disk": [],
            "service_account_id": "",
            "status": "running",
            "timeouts": null,
            "zone": "ru-central1-a"
          },
          "sensitive_attributes": [],
          "private": "eyJlMmJmYjczMC1lY2FhLTExZTYtOGY4OC0zNDM2M2JjN2M0YzAiOnsiY3JlYXRlIjozMDAwMDAwMDAwMDAsImRlbGV0ZSI6MzAwMDAwMDAwMDAwLCJ1cGRhdGUiOjMwMDAwMDAwMDAwMH0sInNjaGVtYV92ZXJzaW9uIjoiMSJ9",
          "dependencies": [
            "yandex_compute_instance.balance_nginx1",
            "yandex_vpc_network.vpc",
            "yandex_vpc_route_table.nat-instance-route1",
            "yandex_vpc_security_group.nat-instance-sg",
            "yandex_vpc_subnet.private_subnet1",
            "yandex_vpc_subnet.public_subnet1"
          ]
        }
      ]
    },
    {
      "mode": "managed",
      "type": "yandex_compute_instance",
      "name": "backend_nginx3",
      "provider": "provider[\"registry.terraform.io/yandex-cloud/yandex\"]",
      "instances": [
        {
          "schema_version": 1,
          "attributes": {
            "allow_recreate": null,
            "allow_stopping_for_update": null,
            "boot_disk": [
              {
                "auto_delete": true,
                "device_name": "epdg48lh7aovogo94bab",
                "disk_id": "epdg48lh7aovogo94bab",
                "initialize_params": [
                  {
                    "block_size": 4096,
                    "description": "",
                    "image_id": "fd8i5298136bt9mrprke",
                    "name": "",
                    "size": 10,
                    "snapshot_id": "",
                    "type": "network-ssd"
                  }
                ],
                "mode": "READ_WRITE"
              }
            ],
            "created_at": "2024-01-10T20:37:10Z",
            "description": "",
            "filesystem": [],
            "folder_id": "b1ggf0njdafu0q8tluif",
            "fqdn": "backend3.ru-central1.internal",
            "gpu_cluster_id": "",
            "hostname": "backend3",
            "id": "epdeoekoed223njm5s7e",
            "labels": null,
            "local_disk": [],
            "metadata": {
              "ssh-keys": "ubuntu:ssh-rsa AAAAB3NzaC1yc2EAAAADAQABAAABgQC5af1ShjAsRAvupCw9x/+B0zOFepVLOnrSZ6DLKv6oKuhq6DyhUPWZxALr3yMSeWlYG3o27x1WF8arkKcXf0MFI+TKVUrynEgdiIj4N6paCEYHjUkKKAnA0pgatiFaJ4gPgFEcMi5zYyL61HhL81NM76UrxQ/x6/TgxRTenscN53BUSO09hpAVshGGASOM1LsdN+OtuCsuOaLwDpmXpsZs5eqqnPl+rNltcwKQ65ZlIs2vvEySB0d/nzOMzQ8FaBO4BkSPXl/mjpiXoMlmXuEMBMvxSznGYYbPpHNpCJOydv4XneBOMGMWHD+qj2hP9Uc+zXVlkmX/lU6KI+43EQKZR9SshhmUAT87hu5WBOKUeSJjna2Hu02nuXaO7rwMdDrWN+dOlji7KvT/132/ruO9IXJqPAjr4skGBYcUI9lxXbtx85i2C+m35Mmg1s0fQlu6MnTWMEF9r+4eFvuKhJjQVtQeIGF8VDIWj3Ma5GtXOQTYrKG66QSS6FGsefkX21c= vk@vk-pc\n"
            },
            "metadata_options": [
              {
                "aws_v1_http_endpoint": 1,
                "aws_v1_http_token": 2,
                "gce_http_endpoint": 1,
                "gce_http_token": 1
              }
            ],
            "name": "backend3",
            "network_acceleration_type": "standard",
            "network_interface": [
              {
                "dns_record": [],
                "index": 0,
                "ip_address": "10.10.11.31",
                "ipv4": true,
                "ipv6": false,
                "ipv6_address": "",
                "ipv6_dns_record": [],
                "mac_address": "d0:0d:ec:3a:98:73",
                "nat": false,
                "nat_dns_record": [],
                "nat_ip_address": "",
                "nat_ip_version": "",
                "security_group_ids": [
                  "enpdr9cqdskarvfgj9qr"
                ],
                "subnet_id": "e2ljqs9k7aeiabffpk74"
              }
            ],
            "placement_policy": [
              {
                "host_affinity_rules": [],
                "placement_group_id": ""
              }
            ],
            "platform_id": "standard-v3",
            "resources": [
              {
                "core_fraction": 100,
                "cores": 2,
                "gpus": 0,
                "memory": 4
              }
            ],
            "scheduling_policy": [
              {
                "preemptible": false
              }
            ],
            "secondary_disk": [],
            "service_account_id": "",
            "status": "running",
            "timeouts": null,
            "zone": "ru-central1-b"
          },
          "sensitive_attributes": [],
          "private": "eyJlMmJmYjczMC1lY2FhLTExZTYtOGY4OC0zNDM2M2JjN2M0YzAiOnsiY3JlYXRlIjozMDAwMDAwMDAwMDAsImRlbGV0ZSI6MzAwMDAwMDAwMDAwLCJ1cGRhdGUiOjMwMDAwMDAwMDAwMH0sInNjaGVtYV92ZXJzaW9uIjoiMSJ9",
          "dependencies": [
            "yandex_compute_instance.balance_nginx2",
            "yandex_vpc_network.vpc",
            "yandex_vpc_route_table.nat-instance-route2",
            "yandex_vpc_security_group.nat-instance-sg",
            "yandex_vpc_subnet.private_subnet2",
            "yandex_vpc_subnet.public_subnet2"
          ]
        }
      ]
    },
    {
      "mode": "managed",
      "type": "yandex_compute_instance",
      "name": "balance_nginx1",
      "provider": "provider[\"registry.terraform.io/yandex-cloud/yandex\"]",
      "instances": [
        {
          "schema_version": 1,
          "attributes": {
            "allow_recreate": null,
            "allow_stopping_for_update": null,
            "boot_disk": [
              {
                "auto_delete": true,
                "device_name": "fhmsdau4vnom6g52aart",
                "disk_id": "fhmsdau4vnom6g52aart",
                "initialize_params": [
                  {
                    "block_size": 4096,
                    "description": "",
                    "image_id": "fd8i5298136bt9mrprke",
                    "name": "",
                    "size": 10,
                    "snapshot_id": "",
                    "type": "network-ssd"
                  }
                ],
                "mode": "READ_WRITE"
              }
            ],
            "created_at": "2024-01-10T20:36:06Z",
            "description": "",
            "filesystem": [],
            "folder_id": "b1ggf0njdafu0q8tluif",
            "fqdn": "front1.ru-central1.internal",
            "gpu_cluster_id": "",
            "hostname": "front1",
            "id": "fhm4h77aijn2jd50f6ld",
            "labels": null,
            "local_disk": [],
            "metadata": {
              "ssh-keys": "ubuntu:ssh-rsa AAAAB3NzaC1yc2EAAAADAQABAAABgQC5af1ShjAsRAvupCw9x/+B0zOFepVLOnrSZ6DLKv6oKuhq6DyhUPWZxALr3yMSeWlYG3o27x1WF8arkKcXf0MFI+TKVUrynEgdiIj4N6paCEYHjUkKKAnA0pgatiFaJ4gPgFEcMi5zYyL61HhL81NM76UrxQ/x6/TgxRTenscN53BUSO09hpAVshGGASOM1LsdN+OtuCsuOaLwDpmXpsZs5eqqnPl+rNltcwKQ65ZlIs2vvEySB0d/nzOMzQ8FaBO4BkSPXl/mjpiXoMlmXuEMBMvxSznGYYbPpHNpCJOydv4XneBOMGMWHD+qj2hP9Uc+zXVlkmX/lU6KI+43EQKZR9SshhmUAT87hu5WBOKUeSJjna2Hu02nuXaO7rwMdDrWN+dOlji7KvT/132/ruO9IXJqPAjr4skGBYcUI9lxXbtx85i2C+m35Mmg1s0fQlu6MnTWMEF9r+4eFvuKhJjQVtQeIGF8VDIWj3Ma5GtXOQTYrKG66QSS6FGsefkX21c= vk@vk-pc\n"
            },
            "metadata_options": [
              {
                "aws_v1_http_endpoint": 1,
                "aws_v1_http_token": 2,
                "gce_http_endpoint": 1,
                "gce_http_token": 1
              }
            ],
            "name": "front1",
            "network_acceleration_type": "standard",
            "network_interface": [
              {
                "dns_record": [],
                "index": 0,
                "ip_address": "10.10.12.18",
                "ipv4": true,
                "ipv6": false,
                "ipv6_address": "",
                "ipv6_dns_record": [],
                "mac_address": "d0:0d:48:9c:ea:94",
                "nat": true,
                "nat_dns_record": [],
                "nat_ip_address": "51.250.72.87",
                "nat_ip_version": "IPV4",
                "security_group_ids": [
                  "enpdr9cqdskarvfgj9qr"
                ],
                "subnet_id": "e9b4fphvhmql09t5s38b"
              }
            ],
            "placement_policy": [
              {
                "host_affinity_rules": [],
                "placement_group_id": ""
              }
            ],
            "platform_id": "standard-v3",
            "resources": [
              {
                "core_fraction": 100,
                "cores": 2,
                "gpus": 0,
                "memory": 4
              }
            ],
            "scheduling_policy": [
              {
                "preemptible": false
              }
            ],
            "secondary_disk": [],
            "service_account_id": "",
            "status": "running",
            "timeouts": null,
            "zone": "ru-central1-a"
          },
          "sensitive_attributes": [],
          "private": "eyJlMmJmYjczMC1lY2FhLTExZTYtOGY4OC0zNDM2M2JjN2M0YzAiOnsiY3JlYXRlIjozMDAwMDAwMDAwMDAsImRlbGV0ZSI6MzAwMDAwMDAwMDAwLCJ1cGRhdGUiOjMwMDAwMDAwMDAwMH0sInNjaGVtYV92ZXJzaW9uIjoiMSJ9",
          "dependencies": [
            "yandex_vpc_network.vpc",
            "yandex_vpc_security_group.nat-instance-sg",
            "yandex_vpc_subnet.public_subnet1"
          ]
        }
      ]
    },
    {
      "mode": "managed",
      "type": "yandex_compute_instance",
      "name": "balance_nginx2",
      "provider": "provider[\"registry.terraform.io/yandex-cloud/yandex\"]",
      "instances": [
        {
          "schema_version": 1,
          "attributes": {
            "allow_recreate": null,
            "allow_stopping_for_update": null,
            "boot_disk": [
              {
                "auto_delete": true,
                "device_name": "epdtc34vje71okb4kd5a",
                "disk_id": "epdtc34vje71okb4kd5a",
                "initialize_params": [
                  {
                    "block_size": 4096,
                    "description": "",
                    "image_id": "fd8i5298136bt9mrprke",
                    "name": "",
                    "size": 10,
                    "snapshot_id": "",
                    "type": "network-ssd"
                  }
                ],
                "mode": "READ_WRITE"
              }
            ],
            "created_at": "2024-01-10T20:36:06Z",
            "description": "",
            "filesystem": [],
            "folder_id": "b1ggf0njdafu0q8tluif",
            "fqdn": "front2.ru-central1.internal",
            "gpu_cluster_id": "",
            "hostname": "front2",
            "id": "epd37mg63r471q5eid7t",
            "labels": null,
            "local_disk": [],
            "metadata": {
              "ssh-keys": "ubuntu:ssh-rsa AAAAB3NzaC1yc2EAAAADAQABAAABgQC5af1ShjAsRAvupCw9x/+B0zOFepVLOnrSZ6DLKv6oKuhq6DyhUPWZxALr3yMSeWlYG3o27x1WF8arkKcXf0MFI+TKVUrynEgdiIj4N6paCEYHjUkKKAnA0pgatiFaJ4gPgFEcMi5zYyL61HhL81NM76UrxQ/x6/TgxRTenscN53BUSO09hpAVshGGASOM1LsdN+OtuCsuOaLwDpmXpsZs5eqqnPl+rNltcwKQ65ZlIs2vvEySB0d/nzOMzQ8FaBO4BkSPXl/mjpiXoMlmXuEMBMvxSznGYYbPpHNpCJOydv4XneBOMGMWHD+qj2hP9Uc+zXVlkmX/lU6KI+43EQKZR9SshhmUAT87hu5WBOKUeSJjna2Hu02nuXaO7rwMdDrWN+dOlji7KvT/132/ruO9IXJqPAjr4skGBYcUI9lxXbtx85i2C+m35Mmg1s0fQlu6MnTWMEF9r+4eFvuKhJjQVtQeIGF8VDIWj3Ma5GtXOQTYrKG66QSS6FGsefkX21c= vk@vk-pc\n"
            },
            "metadata_options": [
              {
                "aws_v1_http_endpoint": 1,
                "aws_v1_http_token": 2,
                "gce_http_endpoint": 1,
                "gce_http_token": 1
              }
            ],
            "name": "front2",
            "network_acceleration_type": "standard",
            "network_interface": [
              {
                "dns_record": [],
                "index": 0,
                "ip_address": "10.10.13.8",
                "ipv4": true,
                "ipv6": false,
                "ipv6_address": "",
                "ipv6_dns_record": [],
                "mac_address": "d0:0d:33:da:06:1e",
                "nat": true,
                "nat_dns_record": [],
                "nat_ip_address": "51.250.25.68",
                "nat_ip_version": "IPV4",
                "security_group_ids": [
                  "enpdr9cqdskarvfgj9qr"
                ],
                "subnet_id": "e2lld5s7oo24v9ide5u8"
              }
            ],
            "placement_policy": [
              {
                "host_affinity_rules": [],
                "placement_group_id": ""
              }
            ],
            "platform_id": "standard-v3",
            "resources": [
              {
                "core_fraction": 100,
                "cores": 2,
                "gpus": 0,
                "memory": 4
              }
            ],
            "scheduling_policy": [
              {
                "preemptible": false
              }
            ],
            "secondary_disk": [],
            "service_account_id": "",
            "status": "running",
            "timeouts": null,
            "zone": "ru-central1-b"
          },
          "sensitive_attributes": [],
          "private": "eyJlMmJmYjczMC1lY2FhLTExZTYtOGY4OC0zNDM2M2JjN2M0YzAiOnsiY3JlYXRlIjozMDAwMDAwMDAwMDAsImRlbGV0ZSI6MzAwMDAwMDAwMDAwLCJ1cGRhdGUiOjMwMDAwMDAwMDAwMH0sInNjaGVtYV92ZXJzaW9uIjoiMSJ9",
          "dependencies": [
            "yandex_vpc_network.vpc",
            "yandex_vpc_security_group.nat-instance-sg",
            "yandex_vpc_subnet.public_subnet2"
          ]
        }
      ]
    },
    {
      "mode": "managed",
      "type": "yandex_compute_instance",
      "name": "db",
      "provider": "provider[\"registry.terraform.io/yandex-cloud/yandex\"]",
      "instances": [
        {
          "schema_version": 1,
          "attributes": {
            "allow_recreate": null,
            "allow_stopping_for_update": null,
            "boot_disk": [
              {
                "auto_delete": true,
                "device_name": "fhm2m2pilh7cvhinhoc0",
                "disk_id": "fhm2m2pilh7cvhinhoc0",
                "initialize_params": [
                  {
                    "block_size": 4096,
                    "description": "",
                    "image_id": "fd8i5298136bt9mrprke",
                    "name": "",
                    "size": 10,
                    "snapshot_id": "",
                    "type": "network-ssd"
                  }
                ],
                "mode": "READ_WRITE"
              }
            ],
            "created_at": "2024-01-10T20:36:47Z",
            "description": "",
            "filesystem": [],
            "folder_id": "b1ggf0njdafu0q8tluif",
            "fqdn": "db.ru-central1.internal",
            "gpu_cluster_id": "",
            "hostname": "db",
            "id": "fhmnopaednuvgur6le0u",
            "labels": null,
            "local_disk": [],
            "metadata": {
              "ssh-keys": "ubuntu:ssh-rsa AAAAB3NzaC1yc2EAAAADAQABAAABgQC5af1ShjAsRAvupCw9x/+B0zOFepVLOnrSZ6DLKv6oKuhq6DyhUPWZxALr3yMSeWlYG3o27x1WF8arkKcXf0MFI+TKVUrynEgdiIj4N6paCEYHjUkKKAnA0pgatiFaJ4gPgFEcMi5zYyL61HhL81NM76UrxQ/x6/TgxRTenscN53BUSO09hpAVshGGASOM1LsdN+OtuCsuOaLwDpmXpsZs5eqqnPl+rNltcwKQ65ZlIs2vvEySB0d/nzOMzQ8FaBO4BkSPXl/mjpiXoMlmXuEMBMvxSznGYYbPpHNpCJOydv4XneBOMGMWHD+qj2hP9Uc+zXVlkmX/lU6KI+43EQKZR9SshhmUAT87hu5WBOKUeSJjna2Hu02nuXaO7rwMdDrWN+dOlji7KvT/132/ruO9IXJqPAjr4skGBYcUI9lxXbtx85i2C+m35Mmg1s0fQlu6MnTWMEF9r+4eFvuKhJjQVtQeIGF8VDIWj3Ma5GtXOQTYrKG66QSS6FGsefkX21c= vk@vk-pc\n"
            },
            "metadata_options": [
              {
                "aws_v1_http_endpoint": 1,
                "aws_v1_http_token": 2,
                "gce_http_endpoint": 1,
                "gce_http_token": 1
              }
            ],
            "name": "db",
            "network_acceleration_type": "standard",
            "network_interface": [
              {
                "dns_record": [],
                "index": 0,
                "ip_address": "10.10.10.25",
                "ipv4": true,
                "ipv6": false,
                "ipv6_address": "",
                "ipv6_dns_record": [],
                "mac_address": "d0:0d:17:c6:54:e6",
                "nat": false,
                "nat_dns_record": [],
                "nat_ip_address": "",
                "nat_ip_version": "",
                "security_group_ids": [
                  "enpdr9cqdskarvfgj9qr"
                ],
                "subnet_id": "e9b15mtm2ij17mqnj51q"
              }
            ],
            "placement_policy": [
              {
                "host_affinity_rules": [],
                "placement_group_id": ""
              }
            ],
            "platform_id": "standard-v3",
            "resources": [
              {
                "core_fraction": 100,
                "cores": 2,
                "gpus": 0,
                "memory": 4
              }
            ],
            "scheduling_policy": [
              {
                "preemptible": false
              }
            ],
            "secondary_disk": [],
            "service_account_id": "",
            "status": "running",
            "timeouts": null,
            "zone": "ru-central1-a"
          },
          "sensitive_attributes": [],
          "private": "eyJlMmJmYjczMC1lY2FhLTExZTYtOGY4OC0zNDM2M2JjN2M0YzAiOnsiY3JlYXRlIjozMDAwMDAwMDAwMDAsImRlbGV0ZSI6MzAwMDAwMDAwMDAwLCJ1cGRhdGUiOjMwMDAwMDAwMDAwMH0sInNjaGVtYV92ZXJzaW9uIjoiMSJ9",
          "dependencies": [
            "yandex_compute_instance.balance_nginx1",
            "yandex_vpc_network.vpc",
            "yandex_vpc_route_table.nat-instance-route1",
            "yandex_vpc_security_group.nat-instance-sg",
            "yandex_vpc_subnet.private_subnet1",
            "yandex_vpc_subnet.public_subnet1"
          ]
        }
      ]
    },
    {
      "mode": "managed",
      "type": "yandex_compute_instance",
      "name": "iscsi_target",
      "provider": "provider[\"registry.terraform.io/yandex-cloud/yandex\"]",
      "instances": [
        {
          "schema_version": 1,
          "attributes": {
            "allow_recreate": null,
            "allow_stopping_for_update": null,
            "boot_disk": [
              {
                "auto_delete": true,
                "device_name": "fhm9oi9e2dorat5ug30i",
                "disk_id": "fhm9oi9e2dorat5ug30i",
                "initialize_params": [
                  {
                    "block_size": 4096,
                    "description": "",
                    "image_id": "fd8i5298136bt9mrprke",
                    "name": "",
                    "size": 10,
                    "snapshot_id": "",
                    "type": "network-ssd"
                  }
                ],
                "mode": "READ_WRITE"
              }
            ],
            "created_at": "2024-01-10T20:36:47Z",
            "description": "",
            "filesystem": [],
            "folder_id": "b1ggf0njdafu0q8tluif",
            "fqdn": "iscsi-server.ru-central1.internal",
            "gpu_cluster_id": "",
            "hostname": "iscsi-server",
            "id": "fhmt5876s57niukicc7n",
            "labels": null,
            "local_disk": [],
            "metadata": {
              "ssh-keys": "ubuntu:ssh-rsa AAAAB3NzaC1yc2EAAAADAQABAAABgQC5af1ShjAsRAvupCw9x/+B0zOFepVLOnrSZ6DLKv6oKuhq6DyhUPWZxALr3yMSeWlYG3o27x1WF8arkKcXf0MFI+TKVUrynEgdiIj4N6paCEYHjUkKKAnA0pgatiFaJ4gPgFEcMi5zYyL61HhL81NM76UrxQ/x6/TgxRTenscN53BUSO09hpAVshGGASOM1LsdN+OtuCsuOaLwDpmXpsZs5eqqnPl+rNltcwKQ65ZlIs2vvEySB0d/nzOMzQ8FaBO4BkSPXl/mjpiXoMlmXuEMBMvxSznGYYbPpHNpCJOydv4XneBOMGMWHD+qj2hP9Uc+zXVlkmX/lU6KI+43EQKZR9SshhmUAT87hu5WBOKUeSJjna2Hu02nuXaO7rwMdDrWN+dOlji7KvT/132/ruO9IXJqPAjr4skGBYcUI9lxXbtx85i2C+m35Mmg1s0fQlu6MnTWMEF9r+4eFvuKhJjQVtQeIGF8VDIWj3Ma5GtXOQTYrKG66QSS6FGsefkX21c= vk@vk-pc\n"
            },
            "metadata_options": [
              {
                "aws_v1_http_endpoint": 1,
                "aws_v1_http_token": 2,
                "gce_http_endpoint": 1,
                "gce_http_token": 1
              }
            ],
            "name": "iscsi-server",
            "network_acceleration_type": "standard",
            "network_interface": [
              {
                "dns_record": [],
                "index": 0,
                "ip_address": "10.10.10.37",
                "ipv4": true,
                "ipv6": false,
                "ipv6_address": "",
                "ipv6_dns_record": [],
                "mac_address": "d0:0d:1d:2a:0e:6e",
                "nat": false,
                "nat_dns_record": [],
                "nat_ip_address": "",
                "nat_ip_version": "",
                "security_group_ids": [
                  "enpdr9cqdskarvfgj9qr"
                ],
                "subnet_id": "e9b15mtm2ij17mqnj51q"
              }
            ],
            "placement_policy": [
              {
                "host_affinity_rules": [],
                "placement_group_id": ""
              }
            ],
            "platform_id": "standard-v3",
            "resources": [
              {
                "core_fraction": 100,
                "cores": 2,
                "gpus": 0,
                "memory": 4
              }
            ],
            "scheduling_policy": [
              {
                "preemptible": false
              }
            ],
            "secondary_disk": [
              {
                "auto_delete": true,
                "device_name": "fhmkji0qt3bu16qibq81",
                "disk_id": "fhmkji0qt3bu16qibq81",
                "mode": "READ_WRITE"
              }
            ],
            "service_account_id": "",
            "status": "running",
            "timeouts": null,
            "zone": "ru-central1-a"
          },
          "sensitive_attributes": [],
          "private": "eyJlMmJmYjczMC1lY2FhLTExZTYtOGY4OC0zNDM2M2JjN2M0YzAiOnsiY3JlYXRlIjozMDAwMDAwMDAwMDAsImRlbGV0ZSI6MzAwMDAwMDAwMDAwLCJ1cGRhdGUiOjMwMDAwMDAwMDAwMH0sInNjaGVtYV92ZXJzaW9uIjoiMSJ9",
          "dependencies": [
            "yandex_compute_disk.empty-disk",
            "yandex_compute_instance.balance_nginx1",
            "yandex_vpc_network.vpc",
            "yandex_vpc_route_table.nat-instance-route1",
            "yandex_vpc_security_group.nat-instance-sg",
            "yandex_vpc_subnet.private_subnet1",
            "yandex_vpc_subnet.public_subnet1"
          ]
        }
      ]
    },
    {
      "mode": "managed",
      "type": "yandex_lb_network_load_balancer",
      "name": "nlb",
      "provider": "provider[\"registry.terraform.io/yandex-cloud/yandex\"]",
      "instances": [
        {
          "schema_version": 0,
          "attributes": {
            "attached_target_group": [
              {
                "healthcheck": [
                  {
                    "healthy_threshold": 2,
                    "http_options": [
                      {
                        "path": "",
                        "port": 80
                      }
                    ],
                    "interval": 2,
                    "name": "test",
                    "tcp_options": [],
                    "timeout": 1,
                    "unhealthy_threshold": 2
                  }
                ],
                "target_group_id": "enpj8fii44t402s1b3m9"
              },
              {
                "healthcheck": [
                  {
                    "healthy_threshold": 2,
                    "http_options": [
                      {
                        "path": "",
                        "port": 80
                      }
                    ],
                    "interval": 2,
                    "name": "test2",
                    "tcp_options": [],
                    "timeout": 1,
                    "unhealthy_threshold": 2
                  }
                ],
                "target_group_id": "enp59b4lpdioq8lf6ka8"
              }
            ],
            "created_at": "2024-01-10T20:37:10Z",
            "deletion_protection": false,
            "description": "",
            "folder_id": "b1ggf0njdafu0q8tluif",
            "id": "enp7iho6j5hl64ok06kv",
            "labels": null,
            "listener": [
              {
                "external_address_spec": [
                  {
                    "address": "158.160.143.41",
                    "ip_version": "ipv4"
                  }
                ],
                "internal_address_spec": [],
                "name": "lst1",
                "port": 80,
                "protocol": "tcp",
                "target_port": 80
              }
            ],
            "name": "nlb",
            "region_id": "ru-central1",
            "timeouts": null,
            "type": "external"
          },
          "sensitive_attributes": [],
          "private": "eyJlMmJmYjczMC1lY2FhLTExZTYtOGY4OC0zNDM2M2JjN2M0YzAiOnsiY3JlYXRlIjozMDAwMDAwMDAwMDAsImRlbGV0ZSI6MzAwMDAwMDAwMDAwLCJ1cGRhdGUiOjMwMDAwMDAwMDAwMH19",
          "dependencies": [
            "yandex_compute_instance.balance_nginx1",
            "yandex_compute_instance.balance_nginx2",
            "yandex_lb_target_group.target_gr1",
            "yandex_lb_target_group.target_gr2",
            "yandex_vpc_network.vpc",
            "yandex_vpc_security_group.nat-instance-sg",
            "yandex_vpc_subnet.public_subnet1",
            "yandex_vpc_subnet.public_subnet2"
          ]
        }
      ]
    },
    {
      "mode": "managed",
      "type": "yandex_lb_target_group",
      "name": "target_gr1",
      "provider": "provider[\"registry.terraform.io/yandex-cloud/yandex\"]",
      "instances": [
        {
          "schema_version": 0,
          "attributes": {
            "created_at": "2024-01-10T20:36:44Z",
            "description": "",
            "folder_id": "b1ggf0njdafu0q8tluif",
            "id": "enpj8fii44t402s1b3m9",
            "labels": null,
            "name": "tg-1",
            "region_id": "ru-central1",
            "target": [
              {
                "address": "10.10.12.18",
                "subnet_id": "e9b4fphvhmql09t5s38b"
              }
            ],
            "timeouts": null
          },
          "sensitive_attributes": [],
          "private": "eyJlMmJmYjczMC1lY2FhLTExZTYtOGY4OC0zNDM2M2JjN2M0YzAiOnsiY3JlYXRlIjozMDAwMDAwMDAwMDAsImRlbGV0ZSI6MzAwMDAwMDAwMDAwLCJ1cGRhdGUiOjMwMDAwMDAwMDAwMH19",
          "dependencies": [
            "yandex_compute_instance.balance_nginx1",
            "yandex_vpc_network.vpc",
            "yandex_vpc_security_group.nat-instance-sg",
            "yandex_vpc_subnet.public_subnet1"
          ]
        }
      ]
    },
    {
      "mode": "managed",
      "type": "yandex_lb_target_group",
      "name": "target_gr2",
      "provider": "provider[\"registry.terraform.io/yandex-cloud/yandex\"]",
      "instances": [
        {
          "schema_version": 0,
          "attributes": {
            "created_at": "2024-01-10T20:37:08Z",
            "description": "",
            "folder_id": "b1ggf0njdafu0q8tluif",
            "id": "enp59b4lpdioq8lf6ka8",
            "labels": null,
            "name": "tg-2",
            "region_id": "ru-central1",
            "target": [
              {
                "address": "10.10.13.8",
                "subnet_id": "e2lld5s7oo24v9ide5u8"
              }
            ],
            "timeouts": null
          },
          "sensitive_attributes": [],
          "private": "eyJlMmJmYjczMC1lY2FhLTExZTYtOGY4OC0zNDM2M2JjN2M0YzAiOnsiY3JlYXRlIjozMDAwMDAwMDAwMDAsImRlbGV0ZSI6MzAwMDAwMDAwMDAwLCJ1cGRhdGUiOjMwMDAwMDAwMDAwMH19",
          "dependencies": [
            "yandex_compute_instance.balance_nginx2",
            "yandex_vpc_network.vpc",
            "yandex_vpc_security_group.nat-instance-sg",
            "yandex_vpc_subnet.public_subnet2"
          ]
        }
      ]
    },
    {
      "mode": "managed",
      "type": "yandex_vpc_network",
      "name": "vpc",
      "provider": "provider[\"registry.terraform.io/yandex-cloud/yandex\"]",
      "instances": [
        {
          "schema_version": 0,
          "attributes": {
            "created_at": "2024-01-10T20:36:01Z",
            "default_security_group_id": "enpk9p9o3c7ti0jo1mng",
            "description": "",
            "folder_id": "b1ggf0njdafu0q8tluif",
            "id": "enpg185b5to0gm02i4tn",
            "labels": {},
            "name": "demo_vpc",
            "subnet_ids": [],
            "timeouts": null
          },
          "sensitive_attributes": [],
          "private": "eyJlMmJmYjczMC1lY2FhLTExZTYtOGY4OC0zNDM2M2JjN2M0YzAiOnsiY3JlYXRlIjo2MDAwMDAwMDAwMCwiZGVsZXRlIjo2MDAwMDAwMDAwMCwidXBkYXRlIjo2MDAwMDAwMDAwMH19"
        }
      ]
    },
    {
      "mode": "managed",
      "type": "yandex_vpc_route_table",
      "name": "nat-instance-route1",
      "provider": "provider[\"registry.terraform.io/yandex-cloud/yandex\"]",
      "instances": [
        {
          "schema_version": 0,
          "attributes": {
            "created_at": "2024-01-10T20:36:44Z",
            "description": "",
            "folder_id": "b1ggf0njdafu0q8tluif",
            "id": "enpcbpv84qquddhro0gk",
            "labels": {},
            "name": "nat-instance-route1",
            "network_id": "enpg185b5to0gm02i4tn",
            "static_route": [
              {
                "destination_prefix": "0.0.0.0/0",
                "gateway_id": "",
                "next_hop_address": "10.10.12.18"
              }
            ],
            "timeouts": null
          },
          "sensitive_attributes": [],
          "private": "eyJlMmJmYjczMC1lY2FhLTExZTYtOGY4OC0zNDM2M2JjN2M0YzAiOnsiY3JlYXRlIjoxODAwMDAwMDAwMDAsImRlbGV0ZSI6MTgwMDAwMDAwMDAwLCJ1cGRhdGUiOjE4MDAwMDAwMDAwMH19",
          "dependencies": [
            "yandex_compute_instance.balance_nginx1",
            "yandex_vpc_network.vpc",
            "yandex_vpc_security_group.nat-instance-sg",
            "yandex_vpc_subnet.public_subnet1"
          ]
        }
      ]
    },
    {
      "mode": "managed",
      "type": "yandex_vpc_route_table",
      "name": "nat-instance-route2",
      "provider": "provider[\"registry.terraform.io/yandex-cloud/yandex\"]",
      "instances": [
        {
          "schema_version": 0,
          "attributes": {
            "created_at": "2024-01-10T20:37:08Z",
            "description": "",
            "folder_id": "b1ggf0njdafu0q8tluif",
            "id": "enp2ia0rcf7as5pgn5e7",
            "labels": {},
            "name": "nat-instance-route2",
            "network_id": "enpg185b5to0gm02i4tn",
            "static_route": [
              {
                "destination_prefix": "0.0.0.0/0",
                "gateway_id": "",
                "next_hop_address": "10.10.13.8"
              }
            ],
            "timeouts": null
          },
          "sensitive_attributes": [],
          "private": "eyJlMmJmYjczMC1lY2FhLTExZTYtOGY4OC0zNDM2M2JjN2M0YzAiOnsiY3JlYXRlIjoxODAwMDAwMDAwMDAsImRlbGV0ZSI6MTgwMDAwMDAwMDAwLCJ1cGRhdGUiOjE4MDAwMDAwMDAwMH19",
          "dependencies": [
            "yandex_compute_instance.balance_nginx2",
            "yandex_vpc_network.vpc",
            "yandex_vpc_security_group.nat-instance-sg",
            "yandex_vpc_subnet.public_subnet2"
          ]
        }
      ]
    },
    {
      "mode": "managed",
      "type": "yandex_vpc_security_group",
      "name": "nat-instance-sg",
      "provider": "provider[\"registry.terraform.io/yandex-cloud/yandex\"]",
      "instances": [
        {
          "schema_version": 0,
          "attributes": {
            "created_at": "2024-01-10T20:36:05Z",
            "description": "",
            "egress": [
              {
                "description": "any",
                "from_port": -1,
                "id": "enpesk4j8kgea2s8son0",
                "labels": {},
                "port": -1,
                "predefined_target": "",
                "protocol": "ANY",
                "security_group_id": "",
                "to_port": -1,
                "v4_cidr_blocks": [
                  "0.0.0.0/0"
                ],
                "v6_cidr_blocks": []
              }
            ],
            "folder_id": "b1ggf0njdafu0q8tluif",
            "id": "enpdr9cqdskarvfgj9qr",
            "ingress": [
              {
                "description": "ext-http",
                "from_port": -1,
                "id": "enpk4oq23ipr2lnkc868",
                "labels": {},
                "port": 80,
                "predefined_target": "",
                "protocol": "TCP",
                "security_group_id": "",
                "to_port": -1,
                "v4_cidr_blocks": [
                  "0.0.0.0/0"
                ],
                "v6_cidr_blocks": []
              },
              {
                "description": "ext-https",
                "from_port": -1,
                "id": "enpc7stl5p16ihv9n7o5",
                "labels": {},
                "port": 443,
                "predefined_target": "",
                "protocol": "TCP",
                "security_group_id": "",
                "to_port": -1,
                "v4_cidr_blocks": [
                  "0.0.0.0/0"
                ],
                "v6_cidr_blocks": []
              },
              {
                "description": "ftp",
                "from_port": -1,
                "id": "enppmfktmo7hi52kpe5c",
                "labels": {},
                "port": 21,
                "predefined_target": "",
                "protocol": "TCP",
                "security_group_id": "",
                "to_port": -1,
                "v4_cidr_blocks": [
                  "0.0.0.0/0"
                ],
                "v6_cidr_blocks": []
              },
              {
                "description": "icmp",
                "from_port": -1,
                "id": "enp5lvgfnmcf7adl6kt3",
                "labels": {},
                "port": -1,
                "predefined_target": "",
                "protocol": "ICMP",
                "security_group_id": "",
                "to_port": -1,
                "v4_cidr_blocks": [
                  "0.0.0.0/0"
                ],
                "v6_cidr_blocks": []
              },
              {
                "description": "iscsi",
                "from_port": -1,
                "id": "enpkmnfko34pn3b1tbdc",
                "labels": {},
                "port": 860,
                "predefined_target": "",
                "protocol": "TCP",
                "security_group_id": "",
                "to_port": -1,
                "v4_cidr_blocks": [
                  "0.0.0.0/0"
                ],
                "v6_cidr_blocks": []
              },
              {
                "description": "iscsi",
                "from_port": -1,
                "id": "enpl081tu8cpv9pe41he",
                "labels": {},
                "port": 3260,
                "predefined_target": "",
                "protocol": "TCP",
                "security_group_id": "",
                "to_port": -1,
                "v4_cidr_blocks": [
                  "0.0.0.0/0"
                ],
                "v6_cidr_blocks": []
              },
              {
                "description": "pcs1",
                "from_port": -1,
                "id": "enp3umn1d31nlovku3r6",
                "labels": {},
                "port": 5410,
                "predefined_target": "",
                "protocol": "UDP",
                "security_group_id": "",
                "to_port": -1,
                "v4_cidr_blocks": [
                  "0.0.0.0/0"
                ],
                "v6_cidr_blocks": []
              },
              {
                "description": "pcs1",
                "from_port": -1,
                "id": "enp53p56iaor50snqoeo",
                "labels": {},
                "port": 21064,
                "predefined_target": "",
                "protocol": "TCP",
                "security_group_id": "",
                "to_port": -1,
                "v4_cidr_blocks": [
                  "0.0.0.0/0"
                ],
                "v6_cidr_blocks": []
              },
              {
                "description": "pcs1",
                "from_port": -1,
                "id": "enp870qjd664rd9j62vq",
                "labels": {},
                "port": 5409,
                "predefined_target": "",
                "protocol": "UDP",
                "security_group_id": "",
                "to_port": -1,
                "v4_cidr_blocks": [
                  "0.0.0.0/0"
                ],
                "v6_cidr_blocks": []
              },
              {
                "description": "pcs1",
                "from_port": -1,
                "id": "enpb1r11asobd6ao9pf8",
                "labels": {},
                "port": 5405,
                "predefined_target": "",
                "protocol": "UDP",
                "security_group_id": "",
                "to_port": -1,
                "v4_cidr_blocks": [
                  "0.0.0.0/0"
                ],
                "v6_cidr_blocks": []
              },
              {
                "description": "pcs1",
                "from_port": -1,
                "id": "enpcns7vedgmctfsff9i",
                "labels": {},
                "port": 9929,
                "predefined_target": "",
                "protocol": "TCP",
                "security_group_id": "",
                "to_port": -1,
                "v4_cidr_blocks": [
                  "0.0.0.0/0"
                ],
                "v6_cidr_blocks": []
              },
              {
                "description": "pcs1",
                "from_port": -1,
                "id": "enpd4u9tnqkb73cu7jqp",
                "labels": {},
                "port": 3121,
                "predefined_target": "",
                "protocol": "TCP",
                "security_group_id": "",
                "to_port": -1,
                "v4_cidr_blocks": [
                  "0.0.0.0/0"
                ],
                "v6_cidr_blocks": []
              },
              {
                "description": "pcs1",
                "from_port": -1,
                "id": "enpdiur2mn8pt1dhks9h",
                "labels": {},
                "port": 5406,
                "predefined_target": "",
                "protocol": "UDP",
                "security_group_id": "",
                "to_port": -1,
                "v4_cidr_blocks": [
                  "0.0.0.0/0"
                ],
                "v6_cidr_blocks": []
              },
              {
                "description": "pcs1",
                "from_port": -1,
                "id": "enpdtkscvdefc1t1gbu8",
                "labels": {},
                "port": 9929,
                "predefined_target": "",
                "protocol": "UDP",
                "security_group_id": "",
                "to_port": -1,
                "v4_cidr_blocks": [
                  "0.0.0.0/0"
                ],
                "v6_cidr_blocks": []
              },
              {
                "description": "pcs1",
                "from_port": -1,
                "id": "enpfj975cecbcesfbdhm",
                "labels": {},
                "port": 2224,
                "predefined_target": "",
                "protocol": "TCP",
                "security_group_id": "",
                "to_port": -1,
                "v4_cidr_blocks": [
                  "0.0.0.0/0"
                ],
                "v6_cidr_blocks": []
              },
              {
                "description": "pcs1",
                "from_port": -1,
                "id": "enpgup5msrkjv1q3tdsr",
                "labels": {},
                "port": 5408,
                "predefined_target": "",
                "protocol": "UDP",
                "security_group_id": "",
                "to_port": -1,
                "v4_cidr_blocks": [
                  "0.0.0.0/0"
                ],
                "v6_cidr_blocks": []
              },
              {
                "description": "pcs1",
                "from_port": -1,
                "id": "enph52fk10sutohr23bc",
                "labels": {},
                "port": 5412,
                "predefined_target": "",
                "protocol": "UDP",
                "security_group_id": "",
                "to_port": -1,
                "v4_cidr_blocks": [
                  "0.0.0.0/0"
                ],
                "v6_cidr_blocks": []
              },
              {
                "description": "pcs1",
                "from_port": -1,
                "id": "enpjlghnpp1aa14bqsrl",
                "labels": {},
                "port": 5404,
                "predefined_target": "",
                "protocol": "UDP",
                "security_group_id": "",
                "to_port": -1,
                "v4_cidr_blocks": [
                  "0.0.0.0/0"
                ],
                "v6_cidr_blocks": []
              },
              {
                "description": "pcs1",
                "from_port": -1,
                "id": "enpk7jsgadsqvddbq5e6",
                "labels": {},
                "port": 5403,
                "predefined_target": "",
                "protocol": "TCP",
                "security_group_id": "",
                "to_port": -1,
                "v4_cidr_blocks": [
                  "0.0.0.0/0"
                ],
                "v6_cidr_blocks": []
              },
              {
                "description": "pcs1",
                "from_port": -1,
                "id": "enplr5gnekfcsmdk733n",
                "labels": {},
                "port": 5407,
                "predefined_target": "",
                "protocol": "UDP",
                "security_group_id": "",
                "to_port": -1,
                "v4_cidr_blocks": [
                  "0.0.0.0/0"
                ],
                "v6_cidr_blocks": []
              },
              {
                "description": "pcs1",
                "from_port": -1,
                "id": "enpo71pdn3j0m6imm24k",
                "labels": {},
                "port": 5411,
                "predefined_target": "",
                "protocol": "UDP",
                "security_group_id": "",
                "to_port": -1,
                "v4_cidr_blocks": [
                  "0.0.0.0/0"
                ],
                "v6_cidr_blocks": []
              },
              {
                "description": "ssh",
                "from_port": -1,
                "id": "enpvtu129k2vk5gld5gt",
                "labels": {},
                "port": 22,
                "predefined_target": "",
                "protocol": "TCP",
                "security_group_id": "",
                "to_port": -1,
                "v4_cidr_blocks": [
                  "0.0.0.0/0"
                ],
                "v6_cidr_blocks": []
              },
              {
                "description": "update",
                "from_port": -1,
                "id": "enpq6nqhm21mrcvdru9g",
                "labels": {},
                "port": 871,
                "predefined_target": "",
                "protocol": "TCP",
                "security_group_id": "",
                "to_port": -1,
                "v4_cidr_blocks": [
                  "0.0.0.0/0"
                ],
                "v6_cidr_blocks": []
              }
            ],
            "labels": {},
            "name": "nat-instance-sg",
            "network_id": "enpg185b5to0gm02i4tn",
            "status": "ACTIVE",
            "timeouts": null
          },
          "sensitive_attributes": [],
          "private": "eyJlMmJmYjczMC1lY2FhLTExZTYtOGY4OC0zNDM2M2JjN2M0YzAiOnsiY3JlYXRlIjoxODAwMDAwMDAwMDAsImRlbGV0ZSI6MTgwMDAwMDAwMDAwLCJ1cGRhdGUiOjE4MDAwMDAwMDAwMH19",
          "dependencies": [
            "yandex_vpc_network.vpc"
          ]
        }
      ]
    },
    {
      "mode": "managed",
      "type": "yandex_vpc_subnet",
      "name": "private_subnet1",
      "provider": "provider[\"registry.terraform.io/yandex-cloud/yandex\"]",
      "instances": [
        {
          "schema_version": 0,
          "attributes": {
            "created_at": "2024-01-10T20:36:46Z",
            "description": "",
            "dhcp_options": [],
            "folder_id": "b1ggf0njdafu0q8tluif",
            "id": "e9b15mtm2ij17mqnj51q",
            "labels": {},
            "name": "demo_subnet1",
            "network_id": "enpg185b5to0gm02i4tn",
            "route_table_id": "enpcbpv84qquddhro0gk",
            "timeouts": null,
            "v4_cidr_blocks": [
              "10.10.10.0/24"
            ],
            "v6_cidr_blocks": [],
            "zone": "ru-central1-a"
          },
          "sensitive_attributes": [],
          "private": "eyJlMmJmYjczMC1lY2FhLTExZTYtOGY4OC0zNDM2M2JjN2M0YzAiOnsiY3JlYXRlIjoxODAwMDAwMDAwMDAsImRlbGV0ZSI6MTgwMDAwMDAwMDAwLCJ1cGRhdGUiOjE4MDAwMDAwMDAwMH19",
          "dependencies": [
            "yandex_compute_instance.balance_nginx1",
            "yandex_vpc_network.vpc",
            "yandex_vpc_route_table.nat-instance-route1",
            "yandex_vpc_security_group.nat-instance-sg",
            "yandex_vpc_subnet.public_subnet1"
          ]
        }
      ]
    },
    {
      "mode": "managed",
      "type": "yandex_vpc_subnet",
      "name": "private_subnet2",
      "provider": "provider[\"registry.terraform.io/yandex-cloud/yandex\"]",
      "instances": [
        {
          "schema_version": 0,
          "attributes": {
            "created_at": "2024-01-10T20:37:09Z",
            "description": "",
            "dhcp_options": [],
            "folder_id": "b1ggf0njdafu0q8tluif",
            "id": "e2ljqs9k7aeiabffpk74",
            "labels": {},
            "name": "demo_subnet2",
            "network_id": "enpg185b5to0gm02i4tn",
            "route_table_id": "enp2ia0rcf7as5pgn5e7",
            "timeouts": null,
            "v4_cidr_blocks": [
              "10.10.11.0/24"
            ],
            "v6_cidr_blocks": [],
            "zone": "ru-central1-b"
          },
          "sensitive_attributes": [],
          "private": "eyJlMmJmYjczMC1lY2FhLTExZTYtOGY4OC0zNDM2M2JjN2M0YzAiOnsiY3JlYXRlIjoxODAwMDAwMDAwMDAsImRlbGV0ZSI6MTgwMDAwMDAwMDAwLCJ1cGRhdGUiOjE4MDAwMDAwMDAwMH19",
          "dependencies": [
            "yandex_compute_instance.balance_nginx2",
            "yandex_vpc_network.vpc",
            "yandex_vpc_route_table.nat-instance-route2",
            "yandex_vpc_security_group.nat-instance-sg",
            "yandex_vpc_subnet.public_subnet2"
          ]
        }
      ]
    },
    {
      "mode": "managed",
      "type": "yandex_vpc_subnet",
      "name": "public_subnet1",
      "provider": "provider[\"registry.terraform.io/yandex-cloud/yandex\"]",
      "instances": [
        {
          "schema_version": 0,
          "attributes": {
            "created_at": "2024-01-10T20:36:04Z",
            "description": "",
            "dhcp_options": [],
            "folder_id": "b1ggf0njdafu0q8tluif",
            "id": "e9b4fphvhmql09t5s38b",
            "labels": {},
            "name": "pub_subnet1",
            "network_id": "enpg185b5to0gm02i4tn",
            "route_table_id": "",
            "timeouts": null,
            "v4_cidr_blocks": [
              "10.10.12.0/24"
            ],
            "v6_cidr_blocks": [],
            "zone": "ru-central1-a"
          },
          "sensitive_attributes": [],
          "private": "eyJlMmJmYjczMC1lY2FhLTExZTYtOGY4OC0zNDM2M2JjN2M0YzAiOnsiY3JlYXRlIjoxODAwMDAwMDAwMDAsImRlbGV0ZSI6MTgwMDAwMDAwMDAwLCJ1cGRhdGUiOjE4MDAwMDAwMDAwMH19",
          "dependencies": [
            "yandex_vpc_network.vpc"
          ]
        }
      ]
    },
    {
      "mode": "managed",
      "type": "yandex_vpc_subnet",
      "name": "public_subnet2",
      "provider": "provider[\"registry.terraform.io/yandex-cloud/yandex\"]",
      "instances": [
        {
          "schema_version": 0,
          "attributes": {
            "created_at": "2024-01-10T20:36:04Z",
            "description": "",
            "dhcp_options": [],
            "folder_id": "b1ggf0njdafu0q8tluif",
            "id": "e2lld5s7oo24v9ide5u8",
            "labels": {},
            "name": "pub_subnet2",
            "network_id": "enpg185b5to0gm02i4tn",
            "route_table_id": "",
            "timeouts": null,
            "v4_cidr_blocks": [
              "10.10.13.0/24"
            ],
            "v6_cidr_blocks": [],
            "zone": "ru-central1-b"
          },
          "sensitive_attributes": [],
          "private": "eyJlMmJmYjczMC1lY2FhLTExZTYtOGY4OC0zNDM2M2JjN2M0YzAiOnsiY3JlYXRlIjoxODAwMDAwMDAwMDAsImRlbGV0ZSI6MTgwMDAwMDAwMDAwLCJ1cGRhdGUiOjE4MDAwMDAwMDAwMH19",
          "dependencies": [
            "yandex_vpc_network.vpc"
          ]
        }
      ]
    }
  ],
  "check_results": null
}
