{
  "version": 4,
  "terraform_version": "1.6.6",
  "serial": 763,
  "lineage": "c789853c-60ea-8309-a714-0f0bd9d3758b",
  "outputs": {
    "external_ip_address_balance_nginx1": {
      "value": "62.84.126.239",
      "type": "string"
    },
    "external_ip_address_balance_nginx2": {
      "value": "51.250.104.112",
      "type": "string"
    },
    "internal_ip_address_backend1_nginx": {
      "value": "10.10.10.33",
      "type": "string"
    },
    "internal_ip_address_backend2_nginx": {
      "value": "10.10.10.25",
      "type": "string"
    },
    "internal_ip_address_backend3_nginx": {
      "value": "10.10.11.18",
      "type": "string"
    },
    "internal_ip_address_balance_nginx1": {
      "value": "10.10.12.13",
      "type": "string"
    },
    "internal_ip_address_balance_nginx2": {
      "value": "10.10.13.22",
      "type": "string"
    },
    "internal_ip_address_db": {
      "value": "10.10.10.12",
      "type": "string"
    },
    "internal_ip_address_iscsi": {
      "value": "10.10.10.23",
      "type": "string"
    },
    "lb_ip_address": {
      "value": "158.160.138.127",
      "type": "string"
    }
  },
  "resources": [
    {
      "mode": "managed",
      "type": "local_file",
      "name": "inventory",
      "provider": "provider[\"registry.terraform.io/hashicorp/local\"]",
      "instances": [
        {
          "schema_version": 0,
          "attributes": {
            "content": "---\n\nall:\n  children:\n    nginx_balance:\n      hosts:\n        front1:\n          ansible_host: \"62.84.126.239\"\n          ansible_private_key_file: \"~/.ssh/id_rsa.pub\"\n        front2:\n          ansible_host: \"51.250.104.112\"\n          ansible_private_key_file: \"~/.ssh/id_rsa.pub\"     \n    pcs_servers:\n      hosts:\n        pcs1:\n          ansible_host: \"10.10.10.33\" \n          ansible_private_key_file: \"~/.ssh/id_rsa.pub\"\n        pcs2:\n          ansible_host: \"10.10.10.25\" \n          ansible_private_key_file: \"~/.ssh/id_rsa.pub\"       \n        pcs3:\n          ansible_host: \"10.10.11.18\" \n          ansible_private_key_file: \"~/.ssh/id_rsa.pub\"    \n       \n    iscsi_server:\n      hosts:\n        iscsi:\n          ansible_host: \"10.10.10.23\" \n          ansible_private_key_file: \"~/.ssh/id_rsa.pub\"\n\n    db:\n      hosts:\n        db:\n          ansible_host: \"10.10.10.12\"\n          ansible_private_key_file: \"~/.ssh/id_rsa.pub\"\n            \n  vars:\n    domain: \"mydomain.test\"\n    ntp_timezone: \"UTC\"\n    pcs_password: \"strong_pass\" # cluster user: hacluster\n    cluster_name: \"hacluster\"\n    iqn_server: \"iqn.2024-01.ru.otus:storage.target00\"\n    ip_pcs1: \"10.10.10.33\" \n    ip_pcs2: \"10.10.10.25\"\n    ip_pcs3: \"10.10.11.18\" \n...\n",
            "content_base64": null,
            "content_base64sha256": "j8LIzCJZTeRC5KpXuc3RJZeCoAGmr8EoiF4xRACoRTQ=",
            "content_base64sha512": "rrD5UBRgzKPgYS36e1Z0KV4Jjl7ZyHqYLbIQFsQ9ZOYtKg3yE40m5jWl+rG/ZAjReppye2/gL8OCDYYLfHHgpg==",
            "content_md5": "0ed92b15e52f63ae062e9f9811d4369a",
            "content_sha1": "ede2448c1cdd9a62ca3b82b43f58c39aaba2e845",
            "content_sha256": "8fc2c8cc22594de442e4aa57b9cdd1259782a001a6afc128885e314400a84534",
            "content_sha512": "aeb0f9501460cca3e0612dfa7b5674295e098e5ed9c87a982db21016c43d64e62d2a0df2138d26e635a5fab1bf6408d17a9a727b6fe02fc3820d860b7c71e0a6",
            "directory_permission": "0777",
            "file_permission": "0777",
            "filename": "./ansible/inventory.yaml",
            "id": "ede2448c1cdd9a62ca3b82b43f58c39aaba2e845",
            "sensitive_content": null,
            "source": null
          },
          "sensitive_attributes": [],
          "dependencies": [
            "yandex_compute_instance.backend_nginx1",
            "yandex_compute_instance.backend_nginx2",
            "yandex_compute_instance.backend_nginx3",
            "yandex_compute_instance.balance_nginx1",
            "yandex_compute_instance.balance_nginx2",
            "yandex_compute_instance.db",
            "yandex_compute_instance.iscsi_target",
            "yandex_lb_network_load_balancer.nlb",
            "yandex_lb_target_group.target_gr1",
            "yandex_lb_target_group.target_gr2",
            "yandex_vpc_network.vpc",
            "yandex_vpc_route_table.nat-instance-route1",
            "yandex_vpc_route_table.nat-instance-route2",
            "yandex_vpc_security_group.nat-instance-sg",
            "yandex_vpc_subnet.private_subnet1",
            "yandex_vpc_subnet.private_subnet2",
            "yandex_vpc_subnet.public_subnet1",
            "yandex_vpc_subnet.public_subnet2"
          ]
        }
      ]
    },
    {
      "mode": "managed",
      "type": "local_file",
      "name": "nginx_file1",
      "provider": "provider[\"registry.terraform.io/hashicorp/local\"]",
      "instances": [
        {
          "schema_version": 0,
          "attributes": {
            "content": "upstream backend {\n\tserver 10.10.10.33;\n\tserver 10.10.10.25;\n  server 10.10.11.18;\n}\n\nserver {\n\tlisten 80;\n\tserver_name 62.84.126.239;\n\t\nlocation / {\n  proxy_pass http://backend;\n\t}\n }\n",
            "content_base64": null,
            "content_base64sha256": "Fa26BKX2PhqaBS1ig+o15dvTTrRIT18D5BtfJdoeJlI=",
            "content_base64sha512": "7zsgCw7mTpPpRcMoNBkgoOuHd4+T9XpBiNSinH7hDgale+VTulOsMHfV4aQqd1zHCXIkvhhDccUtEDVjzeH1Cg==",
            "content_md5": "14b854b1f5342ffdddcda3b773ce0d36",
            "content_sha1": "10b84b35f245fbb0ba03bcfd63983da87ad9b6ef",
            "content_sha256": "15adba04a5f63e1a9a052d6283ea35e5dbd34eb4484f5f03e41b5f25da1e2652",
            "content_sha512": "ef3b200b0ee64e93e945c328341920a0eb87778f93f57a4188d4a29c7ee10e06a57be553ba53ac3077d5e1a42a775cc7097224be184371c52d103563cde1f50a",
            "directory_permission": "0777",
            "file_permission": "0777",
            "filename": "default",
            "id": "10b84b35f245fbb0ba03bcfd63983da87ad9b6ef",
            "sensitive_content": null,
            "source": null
          },
          "sensitive_attributes": [],
          "dependencies": [
            "local_file.inventory",
            "local_file.ssh_jump_env",
            "yandex_compute_instance.backend_nginx1",
            "yandex_compute_instance.backend_nginx2",
            "yandex_compute_instance.backend_nginx3",
            "yandex_compute_instance.balance_nginx1",
            "yandex_compute_instance.balance_nginx2",
            "yandex_compute_instance.db",
            "yandex_compute_instance.iscsi_target",
            "yandex_lb_network_load_balancer.nlb",
            "yandex_lb_target_group.target_gr1",
            "yandex_lb_target_group.target_gr2",
            "yandex_vpc_network.vpc",
            "yandex_vpc_route_table.nat-instance-route1",
            "yandex_vpc_route_table.nat-instance-route2",
            "yandex_vpc_security_group.nat-instance-sg",
            "yandex_vpc_subnet.private_subnet1",
            "yandex_vpc_subnet.private_subnet2",
            "yandex_vpc_subnet.public_subnet1",
            "yandex_vpc_subnet.public_subnet2"
          ]
        }
      ]
    },
    {
      "mode": "managed",
      "type": "local_file",
      "name": "nginx_file2",
      "provider": "provider[\"registry.terraform.io/hashicorp/local\"]",
      "instances": [
        {
          "schema_version": 0,
          "attributes": {
            "content": "upstream backend {\n\tserver 10.10.10.33;\n\tserver 10.10.10.25;\n  server 10.10.11.18;\n}\n\nserver {\n\tlisten 80;\n\tserver_name 51.250.104.112;\n\t\nlocation / {\n  proxy_pass http://backend;\n\t}\n }\n",
            "content_base64": null,
            "content_base64sha256": "N1ZiQSuySTb2XuwGxGdw1W5EX8u1B/bCPpKHfCmx8Pw=",
            "content_base64sha512": "/trnb/RW6aQrmlZcHURh8GsdtS2NPg2h3a4hGCD1eYbxLlE+plyoQKEYEp6F9w+rGRTuTHPkjomekCaBQztW2A==",
            "content_md5": "19a935aa23a4472f857693360552c112",
            "content_sha1": "693950b00c96c40e1d6df2a87df486349b9be1b0",
            "content_sha256": "375662412bb24936f65eec06c46770d56e445fcbb507f6c23e92877c29b1f0fc",
            "content_sha512": "fedae76ff456e9a42b9a565c1d4461f06b1db52d8d3e0da1ddae211820f57986f12e513ea65ca840a118129e85f70fab1914ee4c73e48e899e902681433b56d8",
            "directory_permission": "0777",
            "file_permission": "0777",
            "filename": "default2",
            "id": "693950b00c96c40e1d6df2a87df486349b9be1b0",
            "sensitive_content": null,
            "source": null
          },
          "sensitive_attributes": [],
          "dependencies": [
            "local_file.inventory",
            "local_file.nginx_file1",
            "local_file.ssh_jump_env",
            "yandex_compute_instance.backend_nginx1",
            "yandex_compute_instance.backend_nginx2",
            "yandex_compute_instance.backend_nginx3",
            "yandex_compute_instance.balance_nginx1",
            "yandex_compute_instance.balance_nginx2",
            "yandex_compute_instance.db",
            "yandex_compute_instance.iscsi_target",
            "yandex_lb_network_load_balancer.nlb",
            "yandex_lb_target_group.target_gr1",
            "yandex_lb_target_group.target_gr2",
            "yandex_vpc_network.vpc",
            "yandex_vpc_route_table.nat-instance-route1",
            "yandex_vpc_route_table.nat-instance-route2",
            "yandex_vpc_security_group.nat-instance-sg",
            "yandex_vpc_subnet.private_subnet1",
            "yandex_vpc_subnet.private_subnet2",
            "yandex_vpc_subnet.public_subnet1",
            "yandex_vpc_subnet.public_subnet2"
          ]
        }
      ]
    },
    {
      "mode": "managed",
      "type": "local_file",
      "name": "ssh_jump_env",
      "provider": "provider[\"registry.terraform.io/hashicorp/local\"]",
      "instances": [
        {
          "schema_version": 0,
          "attributes": {
            "content": "---\nansible_ssh_common_args: '-o StrictHostKeyChecking=no -o UserKnownHostsFile=/dev/null -o ProxyCommand=\"ssh -W %h:%p -q centos@\"62.84.126.239\"\"'\n...\n",
            "content_base64": null,
            "content_base64sha256": "hKvByfgrGDPet/jZ5K4OF4pIwpvymZeQAgJt3oGvJyI=",
            "content_base64sha512": "hVrTvfY00bUcabveGxINar2zjndpKT7Oc9bzDMfzd0RPnzyfYmFrcfL1x9kvDtz9XRe+qKBKeqGY0jaSMHg2nA==",
            "content_md5": "941fb78330be9ec767b9c535ccc7625b",
            "content_sha1": "734db06bdb272db74c970fa8cc5887aa6f6d3018",
            "content_sha256": "84abc1c9f82b1833deb7f8d9e4ae0e178a48c29bf299979002026dde81af2722",
            "content_sha512": "855ad3bdf634d1b51c69bbde1b120d6abdb38e7769293ece73d6f30cc7f377444f9f3c9f62616b71f2f5c7d92f0edcfd5d17bea8a04a7aa198d236923078369c",
            "directory_permission": "0777",
            "file_permission": "0777",
            "filename": "./ansible/group_vars/all/vars.yml",
            "id": "734db06bdb272db74c970fa8cc5887aa6f6d3018",
            "sensitive_content": null,
            "source": null
          },
          "sensitive_attributes": [],
          "dependencies": [
            "local_file.inventory",
            "yandex_compute_instance.backend_nginx1",
            "yandex_compute_instance.backend_nginx2",
            "yandex_compute_instance.backend_nginx3",
            "yandex_compute_instance.balance_nginx1",
            "yandex_compute_instance.balance_nginx2",
            "yandex_compute_instance.db",
            "yandex_compute_instance.iscsi_target",
            "yandex_lb_network_load_balancer.nlb",
            "yandex_lb_target_group.target_gr1",
            "yandex_lb_target_group.target_gr2",
            "yandex_vpc_network.vpc",
            "yandex_vpc_route_table.nat-instance-route1",
            "yandex_vpc_route_table.nat-instance-route2",
            "yandex_vpc_security_group.nat-instance-sg",
            "yandex_vpc_subnet.private_subnet1",
            "yandex_vpc_subnet.private_subnet2",
            "yandex_vpc_subnet.public_subnet1",
            "yandex_vpc_subnet.public_subnet2"
          ]
        }
      ]
    },
    {
      "mode": "managed",
      "type": "yandex_compute_instance",
      "name": "backend_nginx1",
      "provider": "provider[\"registry.terraform.io/yandex-cloud/yandex\"]",
      "instances": [
        {
          "schema_version": 1,
          "attributes": {
            "allow_recreate": null,
            "allow_stopping_for_update": null,
            "boot_disk": [
              {
                "auto_delete": true,
                "device_name": "fhms1dit4n293rllu49a",
                "disk_id": "fhms1dit4n293rllu49a",
                "initialize_params": [
                  {
                    "block_size": 4096,
                    "description": "",
                    "image_id": "fd8i5298136bt9mrprke",
                    "name": "",
                    "size": 10,
                    "snapshot_id": "",
                    "type": "network-ssd"
                  }
                ],
                "mode": "READ_WRITE"
              }
            ],
            "created_at": "2024-01-08T21:15:54Z",
            "description": "",
            "filesystem": [],
            "folder_id": "b1ggf0njdafu0q8tluif",
            "fqdn": "backend1.ru-central1.internal",
            "gpu_cluster_id": "",
            "hostname": "backend1",
            "id": "fhm8088g01qrsd2nl87r",
            "labels": null,
            "local_disk": [],
            "metadata": {
              "ssh-keys": "ubuntu:ssh-rsa AAAAB3NzaC1yc2EAAAADAQABAAABgQC5af1ShjAsRAvupCw9x/+B0zOFepVLOnrSZ6DLKv6oKuhq6DyhUPWZxALr3yMSeWlYG3o27x1WF8arkKcXf0MFI+TKVUrynEgdiIj4N6paCEYHjUkKKAnA0pgatiFaJ4gPgFEcMi5zYyL61HhL81NM76UrxQ/x6/TgxRTenscN53BUSO09hpAVshGGASOM1LsdN+OtuCsuOaLwDpmXpsZs5eqqnPl+rNltcwKQ65ZlIs2vvEySB0d/nzOMzQ8FaBO4BkSPXl/mjpiXoMlmXuEMBMvxSznGYYbPpHNpCJOydv4XneBOMGMWHD+qj2hP9Uc+zXVlkmX/lU6KI+43EQKZR9SshhmUAT87hu5WBOKUeSJjna2Hu02nuXaO7rwMdDrWN+dOlji7KvT/132/ruO9IXJqPAjr4skGBYcUI9lxXbtx85i2C+m35Mmg1s0fQlu6MnTWMEF9r+4eFvuKhJjQVtQeIGF8VDIWj3Ma5GtXOQTYrKG66QSS6FGsefkX21c= vk@vk-pc\n"
            },
            "metadata_options": [
              {
                "aws_v1_http_endpoint": 1,
                "aws_v1_http_token": 2,
                "gce_http_endpoint": 1,
                "gce_http_token": 1
              }
            ],
            "name": "backend1",
            "network_acceleration_type": "standard",
            "network_interface": [
              {
                "dns_record": [],
                "index": 0,
                "ip_address": "10.10.10.33",
                "ipv4": true,
                "ipv6": false,
                "ipv6_address": "",
                "ipv6_dns_record": [],
                "mac_address": "d0:0d:80:21:10:00",
                "nat": false,
                "nat_dns_record": [],
                "nat_ip_address": "",
                "nat_ip_version": "",
                "security_group_ids": [
                  "enp16hbfaevlosq3egdq"
                ],
                "subnet_id": "e9bpq299kufi9g8t3v5u"
              }
            ],
            "placement_policy": [
              {
                "host_affinity_rules": [],
                "placement_group_id": ""
              }
            ],
            "platform_id": "standard-v3",
            "resources": [
              {
                "core_fraction": 100,
                "cores": 2,
                "gpus": 0,
                "memory": 4
              }
            ],
            "scheduling_policy": [
              {
                "preemptible": false
              }
            ],
            "secondary_disk": [],
            "service_account_id": "",
            "status": "running",
            "timeouts": null,
            "zone": "ru-central1-a"
          },
          "sensitive_attributes": [],
          "private": "eyJlMmJmYjczMC1lY2FhLTExZTYtOGY4OC0zNDM2M2JjN2M0YzAiOnsiY3JlYXRlIjozMDAwMDAwMDAwMDAsImRlbGV0ZSI6MzAwMDAwMDAwMDAwLCJ1cGRhdGUiOjMwMDAwMDAwMDAwMH0sInNjaGVtYV92ZXJzaW9uIjoiMSJ9",
          "dependencies": [
            "yandex_compute_instance.balance_nginx1",
            "yandex_vpc_network.vpc",
            "yandex_vpc_route_table.nat-instance-route1",
            "yandex_vpc_security_group.nat-instance-sg",
            "yandex_vpc_subnet.private_subnet1",
            "yandex_vpc_subnet.public_subnet1"
          ]
        }
      ]
    },
    {
      "mode": "managed",
      "type": "yandex_compute_instance",
      "name": "backend_nginx2",
      "provider": "provider[\"registry.terraform.io/yandex-cloud/yandex\"]",
      "instances": [
        {
          "schema_version": 1,
          "attributes": {
            "allow_recreate": null,
            "allow_stopping_for_update": null,
            "boot_disk": [
              {
                "auto_delete": true,
                "device_name": "fhmabculsg4kkfb4ek43",
                "disk_id": "fhmabculsg4kkfb4ek43",
                "initialize_params": [
                  {
                    "block_size": 4096,
                    "description": "",
                    "image_id": "fd8i5298136bt9mrprke",
                    "name": "",
                    "size": 10,
                    "snapshot_id": "",
                    "type": "network-ssd"
                  }
                ],
                "mode": "READ_WRITE"
              }
            ],
            "created_at": "2024-01-08T21:15:54Z",
            "description": "",
            "filesystem": [],
            "folder_id": "b1ggf0njdafu0q8tluif",
            "fqdn": "backend2.ru-central1.internal",
            "gpu_cluster_id": "",
            "hostname": "backend2",
            "id": "fhmaobpnbk8538j4m0nu",
            "labels": null,
            "local_disk": [],
            "metadata": {
              "ssh-keys": "ubuntu:ssh-rsa AAAAB3NzaC1yc2EAAAADAQABAAABgQC5af1ShjAsRAvupCw9x/+B0zOFepVLOnrSZ6DLKv6oKuhq6DyhUPWZxALr3yMSeWlYG3o27x1WF8arkKcXf0MFI+TKVUrynEgdiIj4N6paCEYHjUkKKAnA0pgatiFaJ4gPgFEcMi5zYyL61HhL81NM76UrxQ/x6/TgxRTenscN53BUSO09hpAVshGGASOM1LsdN+OtuCsuOaLwDpmXpsZs5eqqnPl+rNltcwKQ65ZlIs2vvEySB0d/nzOMzQ8FaBO4BkSPXl/mjpiXoMlmXuEMBMvxSznGYYbPpHNpCJOydv4XneBOMGMWHD+qj2hP9Uc+zXVlkmX/lU6KI+43EQKZR9SshhmUAT87hu5WBOKUeSJjna2Hu02nuXaO7rwMdDrWN+dOlji7KvT/132/ruO9IXJqPAjr4skGBYcUI9lxXbtx85i2C+m35Mmg1s0fQlu6MnTWMEF9r+4eFvuKhJjQVtQeIGF8VDIWj3Ma5GtXOQTYrKG66QSS6FGsefkX21c= vk@vk-pc\n"
            },
            "metadata_options": [
              {
                "aws_v1_http_endpoint": 1,
                "aws_v1_http_token": 2,
                "gce_http_endpoint": 1,
                "gce_http_token": 1
              }
            ],
            "name": "backend2",
            "network_acceleration_type": "standard",
            "network_interface": [
              {
                "dns_record": [],
                "index": 0,
                "ip_address": "10.10.10.25",
                "ipv4": true,
                "ipv6": false,
                "ipv6_address": "",
                "ipv6_dns_record": [],
                "mac_address": "d0:0d:ac:2f:37:5d",
                "nat": false,
                "nat_dns_record": [],
                "nat_ip_address": "",
                "nat_ip_version": "",
                "security_group_ids": [
                  "enp16hbfaevlosq3egdq"
                ],
                "subnet_id": "e9bpq299kufi9g8t3v5u"
              }
            ],
            "placement_policy": [
              {
                "host_affinity_rules": [],
                "placement_group_id": ""
              }
            ],
            "platform_id": "standard-v3",
            "resources": [
              {
                "core_fraction": 100,
                "cores": 2,
                "gpus": 0,
                "memory": 4
              }
            ],
            "scheduling_policy": [
              {
                "preemptible": false
              }
            ],
            "secondary_disk": [],
            "service_account_id": "",
            "status": "running",
            "timeouts": null,
            "zone": "ru-central1-a"
          },
          "sensitive_attributes": [],
          "private": "eyJlMmJmYjczMC1lY2FhLTExZTYtOGY4OC0zNDM2M2JjN2M0YzAiOnsiY3JlYXRlIjozMDAwMDAwMDAwMDAsImRlbGV0ZSI6MzAwMDAwMDAwMDAwLCJ1cGRhdGUiOjMwMDAwMDAwMDAwMH0sInNjaGVtYV92ZXJzaW9uIjoiMSJ9",
          "dependencies": [
            "yandex_compute_instance.balance_nginx1",
            "yandex_vpc_network.vpc",
            "yandex_vpc_route_table.nat-instance-route1",
            "yandex_vpc_security_group.nat-instance-sg",
            "yandex_vpc_subnet.private_subnet1",
            "yandex_vpc_subnet.public_subnet1"
          ]
        }
      ]
    },
    {
      "mode": "managed",
      "type": "yandex_compute_instance",
      "name": "backend_nginx3",
      "provider": "provider[\"registry.terraform.io/yandex-cloud/yandex\"]",
      "instances": [
        {
          "schema_version": 1,
          "attributes": {
            "allow_recreate": null,
            "allow_stopping_for_update": null,
            "boot_disk": [
              {
                "auto_delete": true,
                "device_name": "epdfcs3keeeuham9flcj",
                "disk_id": "epdfcs3keeeuham9flcj",
                "initialize_params": [
                  {
                    "block_size": 4096,
                    "description": "",
                    "image_id": "fd8i5298136bt9mrprke",
                    "name": "",
                    "size": 10,
                    "snapshot_id": "",
                    "type": "network-ssd"
                  }
                ],
                "mode": "READ_WRITE"
              }
            ],
            "created_at": "2024-01-08T21:16:37Z",
            "description": "",
            "filesystem": [],
            "folder_id": "b1ggf0njdafu0q8tluif",
            "fqdn": "backend3.ru-central1.internal",
            "gpu_cluster_id": "",
            "hostname": "backend3",
            "id": "epd0bometdn5pq9onv9n",
            "labels": null,
            "local_disk": [],
            "metadata": {
              "ssh-keys": "ubuntu:ssh-rsa AAAAB3NzaC1yc2EAAAADAQABAAABgQC5af1ShjAsRAvupCw9x/+B0zOFepVLOnrSZ6DLKv6oKuhq6DyhUPWZxALr3yMSeWlYG3o27x1WF8arkKcXf0MFI+TKVUrynEgdiIj4N6paCEYHjUkKKAnA0pgatiFaJ4gPgFEcMi5zYyL61HhL81NM76UrxQ/x6/TgxRTenscN53BUSO09hpAVshGGASOM1LsdN+OtuCsuOaLwDpmXpsZs5eqqnPl+rNltcwKQ65ZlIs2vvEySB0d/nzOMzQ8FaBO4BkSPXl/mjpiXoMlmXuEMBMvxSznGYYbPpHNpCJOydv4XneBOMGMWHD+qj2hP9Uc+zXVlkmX/lU6KI+43EQKZR9SshhmUAT87hu5WBOKUeSJjna2Hu02nuXaO7rwMdDrWN+dOlji7KvT/132/ruO9IXJqPAjr4skGBYcUI9lxXbtx85i2C+m35Mmg1s0fQlu6MnTWMEF9r+4eFvuKhJjQVtQeIGF8VDIWj3Ma5GtXOQTYrKG66QSS6FGsefkX21c= vk@vk-pc\n"
            },
            "metadata_options": [
              {
                "aws_v1_http_endpoint": 1,
                "aws_v1_http_token": 2,
                "gce_http_endpoint": 1,
                "gce_http_token": 1
              }
            ],
            "name": "backend3",
            "network_acceleration_type": "standard",
            "network_interface": [
              {
                "dns_record": [],
                "index": 0,
                "ip_address": "10.10.11.18",
                "ipv4": true,
                "ipv6": false,
                "ipv6_address": "",
                "ipv6_dns_record": [],
                "mac_address": "d0:0d:5e:2c:ee:b6",
                "nat": false,
                "nat_dns_record": [],
                "nat_ip_address": "",
                "nat_ip_version": "",
                "security_group_ids": [
                  "enp16hbfaevlosq3egdq"
                ],
                "subnet_id": "e2ldgbsfmpp30ntkh8rp"
              }
            ],
            "placement_policy": [
              {
                "host_affinity_rules": [],
                "placement_group_id": ""
              }
            ],
            "platform_id": "standard-v3",
            "resources": [
              {
                "core_fraction": 100,
                "cores": 2,
                "gpus": 0,
                "memory": 4
              }
            ],
            "scheduling_policy": [
              {
                "preemptible": false
              }
            ],
            "secondary_disk": [],
            "service_account_id": "",
            "status": "running",
            "timeouts": null,
            "zone": "ru-central1-b"
          },
          "sensitive_attributes": [],
          "private": "eyJlMmJmYjczMC1lY2FhLTExZTYtOGY4OC0zNDM2M2JjN2M0YzAiOnsiY3JlYXRlIjozMDAwMDAwMDAwMDAsImRlbGV0ZSI6MzAwMDAwMDAwMDAwLCJ1cGRhdGUiOjMwMDAwMDAwMDAwMH0sInNjaGVtYV92ZXJzaW9uIjoiMSJ9",
          "dependencies": [
            "yandex_compute_instance.balance_nginx2",
            "yandex_vpc_network.vpc",
            "yandex_vpc_route_table.nat-instance-route2",
            "yandex_vpc_security_group.nat-instance-sg",
            "yandex_vpc_subnet.private_subnet2",
            "yandex_vpc_subnet.public_subnet2"
          ]
        }
      ]
    },
    {
      "mode": "managed",
      "type": "yandex_compute_instance",
      "name": "balance_nginx1",
      "provider": "provider[\"registry.terraform.io/yandex-cloud/yandex\"]",
      "instances": [
        {
          "schema_version": 1,
          "attributes": {
            "allow_recreate": null,
            "allow_stopping_for_update": null,
            "boot_disk": [
              {
                "auto_delete": true,
                "device_name": "fhm5pv48qu0jb68q7n1e",
                "disk_id": "fhm5pv48qu0jb68q7n1e",
                "initialize_params": [
                  {
                    "block_size": 4096,
                    "description": "",
                    "image_id": "fd8i5298136bt9mrprke",
                    "name": "",
                    "size": 10,
                    "snapshot_id": "",
                    "type": "network-ssd"
                  }
                ],
                "mode": "READ_WRITE"
              }
            ],
            "created_at": "2024-01-08T21:15:14Z",
            "description": "",
            "filesystem": [],
            "folder_id": "b1ggf0njdafu0q8tluif",
            "fqdn": "front1.ru-central1.internal",
            "gpu_cluster_id": "",
            "hostname": "front1",
            "id": "fhmaemur2lqce6evg0db",
            "labels": null,
            "local_disk": [],
            "metadata": {
              "ssh-keys": "ubuntu:ssh-rsa AAAAB3NzaC1yc2EAAAADAQABAAABgQC5af1ShjAsRAvupCw9x/+B0zOFepVLOnrSZ6DLKv6oKuhq6DyhUPWZxALr3yMSeWlYG3o27x1WF8arkKcXf0MFI+TKVUrynEgdiIj4N6paCEYHjUkKKAnA0pgatiFaJ4gPgFEcMi5zYyL61HhL81NM76UrxQ/x6/TgxRTenscN53BUSO09hpAVshGGASOM1LsdN+OtuCsuOaLwDpmXpsZs5eqqnPl+rNltcwKQ65ZlIs2vvEySB0d/nzOMzQ8FaBO4BkSPXl/mjpiXoMlmXuEMBMvxSznGYYbPpHNpCJOydv4XneBOMGMWHD+qj2hP9Uc+zXVlkmX/lU6KI+43EQKZR9SshhmUAT87hu5WBOKUeSJjna2Hu02nuXaO7rwMdDrWN+dOlji7KvT/132/ruO9IXJqPAjr4skGBYcUI9lxXbtx85i2C+m35Mmg1s0fQlu6MnTWMEF9r+4eFvuKhJjQVtQeIGF8VDIWj3Ma5GtXOQTYrKG66QSS6FGsefkX21c= vk@vk-pc\n"
            },
            "metadata_options": [
              {
                "aws_v1_http_endpoint": 1,
                "aws_v1_http_token": 2,
                "gce_http_endpoint": 1,
                "gce_http_token": 1
              }
            ],
            "name": "front1",
            "network_acceleration_type": "standard",
            "network_interface": [
              {
                "dns_record": [],
                "index": 0,
                "ip_address": "10.10.12.13",
                "ipv4": true,
                "ipv6": false,
                "ipv6_address": "",
                "ipv6_dns_record": [],
                "mac_address": "d0:0d:a7:5b:db:15",
                "nat": true,
                "nat_dns_record": [],
                "nat_ip_address": "62.84.126.239",
                "nat_ip_version": "IPV4",
                "security_group_ids": [
                  "enp16hbfaevlosq3egdq"
                ],
                "subnet_id": "e9b2jv8ff4bumkf3lc79"
              }
            ],
            "placement_policy": [
              {
                "host_affinity_rules": [],
                "placement_group_id": ""
              }
            ],
            "platform_id": "standard-v3",
            "resources": [
              {
                "core_fraction": 100,
                "cores": 2,
                "gpus": 0,
                "memory": 4
              }
            ],
            "scheduling_policy": [
              {
                "preemptible": false
              }
            ],
            "secondary_disk": [],
            "service_account_id": "",
            "status": "running",
            "timeouts": null,
            "zone": "ru-central1-a"
          },
          "sensitive_attributes": [],
          "private": "eyJlMmJmYjczMC1lY2FhLTExZTYtOGY4OC0zNDM2M2JjN2M0YzAiOnsiY3JlYXRlIjozMDAwMDAwMDAwMDAsImRlbGV0ZSI6MzAwMDAwMDAwMDAwLCJ1cGRhdGUiOjMwMDAwMDAwMDAwMH0sInNjaGVtYV92ZXJzaW9uIjoiMSJ9",
          "dependencies": [
            "yandex_vpc_network.vpc",
            "yandex_vpc_security_group.nat-instance-sg",
            "yandex_vpc_subnet.public_subnet1"
          ]
        }
      ]
    },
    {
      "mode": "managed",
      "type": "yandex_compute_instance",
      "name": "balance_nginx2",
      "provider": "provider[\"registry.terraform.io/yandex-cloud/yandex\"]",
      "instances": [
        {
          "schema_version": 1,
          "attributes": {
            "allow_recreate": null,
            "allow_stopping_for_update": null,
            "boot_disk": [
              {
                "auto_delete": true,
                "device_name": "epdbb97tn0ul7h04jk3t",
                "disk_id": "epdbb97tn0ul7h04jk3t",
                "initialize_params": [
                  {
                    "block_size": 4096,
                    "description": "",
                    "image_id": "fd8i5298136bt9mrprke",
                    "name": "",
                    "size": 10,
                    "snapshot_id": "",
                    "type": "network-ssd"
                  }
                ],
                "mode": "READ_WRITE"
              }
            ],
            "created_at": "2024-01-08T21:15:14Z",
            "description": "",
            "filesystem": [],
            "folder_id": "b1ggf0njdafu0q8tluif",
            "fqdn": "front2.ru-central1.internal",
            "gpu_cluster_id": "",
            "hostname": "front2",
            "id": "epd4gj7ovkigba86c8tf",
            "labels": null,
            "local_disk": [],
            "metadata": {
              "ssh-keys": "ubuntu:ssh-rsa AAAAB3NzaC1yc2EAAAADAQABAAABgQC5af1ShjAsRAvupCw9x/+B0zOFepVLOnrSZ6DLKv6oKuhq6DyhUPWZxALr3yMSeWlYG3o27x1WF8arkKcXf0MFI+TKVUrynEgdiIj4N6paCEYHjUkKKAnA0pgatiFaJ4gPgFEcMi5zYyL61HhL81NM76UrxQ/x6/TgxRTenscN53BUSO09hpAVshGGASOM1LsdN+OtuCsuOaLwDpmXpsZs5eqqnPl+rNltcwKQ65ZlIs2vvEySB0d/nzOMzQ8FaBO4BkSPXl/mjpiXoMlmXuEMBMvxSznGYYbPpHNpCJOydv4XneBOMGMWHD+qj2hP9Uc+zXVlkmX/lU6KI+43EQKZR9SshhmUAT87hu5WBOKUeSJjna2Hu02nuXaO7rwMdDrWN+dOlji7KvT/132/ruO9IXJqPAjr4skGBYcUI9lxXbtx85i2C+m35Mmg1s0fQlu6MnTWMEF9r+4eFvuKhJjQVtQeIGF8VDIWj3Ma5GtXOQTYrKG66QSS6FGsefkX21c= vk@vk-pc\n"
            },
            "metadata_options": [
              {
                "aws_v1_http_endpoint": 1,
                "aws_v1_http_token": 2,
                "gce_http_endpoint": 1,
                "gce_http_token": 1
              }
            ],
            "name": "front2",
            "network_acceleration_type": "standard",
            "network_interface": [
              {
                "dns_record": [],
                "index": 0,
                "ip_address": "10.10.13.22",
                "ipv4": true,
                "ipv6": false,
                "ipv6_address": "",
                "ipv6_dns_record": [],
                "mac_address": "d0:0d:48:4c:f8:fd",
                "nat": true,
                "nat_dns_record": [],
                "nat_ip_address": "51.250.104.112",
                "nat_ip_version": "IPV4",
                "security_group_ids": [
                  "enp16hbfaevlosq3egdq"
                ],
                "subnet_id": "e2lpkjsj52eh2braodfl"
              }
            ],
            "placement_policy": [
              {
                "host_affinity_rules": [],
                "placement_group_id": ""
              }
            ],
            "platform_id": "standard-v3",
            "resources": [
              {
                "core_fraction": 100,
                "cores": 2,
                "gpus": 0,
                "memory": 4
              }
            ],
            "scheduling_policy": [
              {
                "preemptible": false
              }
            ],
            "secondary_disk": [],
            "service_account_id": "",
            "status": "running",
            "timeouts": null,
            "zone": "ru-central1-b"
          },
          "sensitive_attributes": [],
          "private": "eyJlMmJmYjczMC1lY2FhLTExZTYtOGY4OC0zNDM2M2JjN2M0YzAiOnsiY3JlYXRlIjozMDAwMDAwMDAwMDAsImRlbGV0ZSI6MzAwMDAwMDAwMDAwLCJ1cGRhdGUiOjMwMDAwMDAwMDAwMH0sInNjaGVtYV92ZXJzaW9uIjoiMSJ9",
          "dependencies": [
            "yandex_vpc_network.vpc",
            "yandex_vpc_security_group.nat-instance-sg",
            "yandex_vpc_subnet.public_subnet2"
          ]
        }
      ]
    },
    {
      "mode": "managed",
      "type": "yandex_compute_instance",
      "name": "db",
      "provider": "provider[\"registry.terraform.io/yandex-cloud/yandex\"]",
      "instances": [
        {
          "schema_version": 1,
          "attributes": {
            "allow_recreate": null,
            "allow_stopping_for_update": null,
            "boot_disk": [
              {
                "auto_delete": true,
                "device_name": "fhmsg2gd98mkci1vf6sh",
                "disk_id": "fhmsg2gd98mkci1vf6sh",
                "initialize_params": [
                  {
                    "block_size": 4096,
                    "description": "",
                    "image_id": "fd8i5298136bt9mrprke",
                    "name": "",
                    "size": 10,
                    "snapshot_id": "",
                    "type": "network-ssd"
                  }
                ],
                "mode": "READ_WRITE"
              }
            ],
            "created_at": "2024-01-08T21:15:55Z",
            "description": "",
            "filesystem": [],
            "folder_id": "b1ggf0njdafu0q8tluif",
            "fqdn": "db.ru-central1.internal",
            "gpu_cluster_id": "",
            "hostname": "db",
            "id": "fhmlcafc8c7tfa7t0imf",
            "labels": null,
            "local_disk": [],
            "metadata": {
              "ssh-keys": "ubuntu:ssh-rsa AAAAB3NzaC1yc2EAAAADAQABAAABgQC5af1ShjAsRAvupCw9x/+B0zOFepVLOnrSZ6DLKv6oKuhq6DyhUPWZxALr3yMSeWlYG3o27x1WF8arkKcXf0MFI+TKVUrynEgdiIj4N6paCEYHjUkKKAnA0pgatiFaJ4gPgFEcMi5zYyL61HhL81NM76UrxQ/x6/TgxRTenscN53BUSO09hpAVshGGASOM1LsdN+OtuCsuOaLwDpmXpsZs5eqqnPl+rNltcwKQ65ZlIs2vvEySB0d/nzOMzQ8FaBO4BkSPXl/mjpiXoMlmXuEMBMvxSznGYYbPpHNpCJOydv4XneBOMGMWHD+qj2hP9Uc+zXVlkmX/lU6KI+43EQKZR9SshhmUAT87hu5WBOKUeSJjna2Hu02nuXaO7rwMdDrWN+dOlji7KvT/132/ruO9IXJqPAjr4skGBYcUI9lxXbtx85i2C+m35Mmg1s0fQlu6MnTWMEF9r+4eFvuKhJjQVtQeIGF8VDIWj3Ma5GtXOQTYrKG66QSS6FGsefkX21c= vk@vk-pc\n"
            },
            "metadata_options": [
              {
                "aws_v1_http_endpoint": 1,
                "aws_v1_http_token": 2,
                "gce_http_endpoint": 1,
                "gce_http_token": 1
              }
            ],
            "name": "db",
            "network_acceleration_type": "standard",
            "network_interface": [
              {
                "dns_record": [],
                "index": 0,
                "ip_address": "10.10.10.12",
                "ipv4": true,
                "ipv6": false,
                "ipv6_address": "",
                "ipv6_dns_record": [],
                "mac_address": "d0:0d:15:62:9e:c4",
                "nat": false,
                "nat_dns_record": [],
                "nat_ip_address": "",
                "nat_ip_version": "",
                "security_group_ids": [
                  "enp16hbfaevlosq3egdq"
                ],
                "subnet_id": "e9bpq299kufi9g8t3v5u"
              }
            ],
            "placement_policy": [
              {
                "host_affinity_rules": [],
                "placement_group_id": ""
              }
            ],
            "platform_id": "standard-v3",
            "resources": [
              {
                "core_fraction": 100,
                "cores": 2,
                "gpus": 0,
                "memory": 4
              }
            ],
            "scheduling_policy": [
              {
                "preemptible": false
              }
            ],
            "secondary_disk": [],
            "service_account_id": "",
            "status": "running",
            "timeouts": null,
            "zone": "ru-central1-a"
          },
          "sensitive_attributes": [],
          "private": "eyJlMmJmYjczMC1lY2FhLTExZTYtOGY4OC0zNDM2M2JjN2M0YzAiOnsiY3JlYXRlIjozMDAwMDAwMDAwMDAsImRlbGV0ZSI6MzAwMDAwMDAwMDAwLCJ1cGRhdGUiOjMwMDAwMDAwMDAwMH0sInNjaGVtYV92ZXJzaW9uIjoiMSJ9",
          "dependencies": [
            "yandex_compute_instance.balance_nginx1",
            "yandex_vpc_network.vpc",
            "yandex_vpc_route_table.nat-instance-route1",
            "yandex_vpc_security_group.nat-instance-sg",
            "yandex_vpc_subnet.private_subnet1",
            "yandex_vpc_subnet.public_subnet1"
          ]
        }
      ]
    },
    {
      "mode": "managed",
      "type": "yandex_compute_instance",
      "name": "iscsi_target",
      "provider": "provider[\"registry.terraform.io/yandex-cloud/yandex\"]",
      "instances": [
        {
          "schema_version": 1,
          "attributes": {
            "allow_recreate": null,
            "allow_stopping_for_update": null,
            "boot_disk": [
              {
                "auto_delete": true,
                "device_name": "fhmhq46druqohtp3po6m",
                "disk_id": "fhmhq46druqohtp3po6m",
                "initialize_params": [
                  {
                    "block_size": 4096,
                    "description": "",
                    "image_id": "fd8i5298136bt9mrprke",
                    "name": "",
                    "size": 10,
                    "snapshot_id": "",
                    "type": "network-ssd"
                  }
                ],
                "mode": "READ_WRITE"
              }
            ],
            "created_at": "2024-01-08T21:15:54Z",
            "description": "",
            "filesystem": [],
            "folder_id": "b1ggf0njdafu0q8tluif",
            "fqdn": "iscsi-server.ru-central1.internal",
            "gpu_cluster_id": "",
            "hostname": "iscsi-server",
            "id": "fhm1op3d5uddr0rda7o2",
            "labels": null,
            "local_disk": [],
            "metadata": {
              "ssh-keys": "ubuntu:ssh-rsa AAAAB3NzaC1yc2EAAAADAQABAAABgQC5af1ShjAsRAvupCw9x/+B0zOFepVLOnrSZ6DLKv6oKuhq6DyhUPWZxALr3yMSeWlYG3o27x1WF8arkKcXf0MFI+TKVUrynEgdiIj4N6paCEYHjUkKKAnA0pgatiFaJ4gPgFEcMi5zYyL61HhL81NM76UrxQ/x6/TgxRTenscN53BUSO09hpAVshGGASOM1LsdN+OtuCsuOaLwDpmXpsZs5eqqnPl+rNltcwKQ65ZlIs2vvEySB0d/nzOMzQ8FaBO4BkSPXl/mjpiXoMlmXuEMBMvxSznGYYbPpHNpCJOydv4XneBOMGMWHD+qj2hP9Uc+zXVlkmX/lU6KI+43EQKZR9SshhmUAT87hu5WBOKUeSJjna2Hu02nuXaO7rwMdDrWN+dOlji7KvT/132/ruO9IXJqPAjr4skGBYcUI9lxXbtx85i2C+m35Mmg1s0fQlu6MnTWMEF9r+4eFvuKhJjQVtQeIGF8VDIWj3Ma5GtXOQTYrKG66QSS6FGsefkX21c= vk@vk-pc\n"
            },
            "metadata_options": [
              {
                "aws_v1_http_endpoint": 1,
                "aws_v1_http_token": 2,
                "gce_http_endpoint": 1,
                "gce_http_token": 1
              }
            ],
            "name": "iscsi-server",
            "network_acceleration_type": "standard",
            "network_interface": [
              {
                "dns_record": [],
                "index": 0,
                "ip_address": "10.10.10.23",
                "ipv4": true,
                "ipv6": false,
                "ipv6_address": "",
                "ipv6_dns_record": [],
                "mac_address": "d0:0d:1c:64:6d:2f",
                "nat": false,
                "nat_dns_record": [],
                "nat_ip_address": "",
                "nat_ip_version": "",
                "security_group_ids": [
                  "enp16hbfaevlosq3egdq"
                ],
                "subnet_id": "e9bpq299kufi9g8t3v5u"
              }
            ],
            "placement_policy": [
              {
                "host_affinity_rules": [],
                "placement_group_id": ""
              }
            ],
            "platform_id": "standard-v3",
            "resources": [
              {
                "core_fraction": 100,
                "cores": 2,
                "gpus": 0,
                "memory": 4
              }
            ],
            "scheduling_policy": [
              {
                "preemptible": false
              }
            ],
            "secondary_disk": [],
            "service_account_id": "",
            "status": "running",
            "timeouts": null,
            "zone": "ru-central1-a"
          },
          "sensitive_attributes": [],
          "private": "eyJlMmJmYjczMC1lY2FhLTExZTYtOGY4OC0zNDM2M2JjN2M0YzAiOnsiY3JlYXRlIjozMDAwMDAwMDAwMDAsImRlbGV0ZSI6MzAwMDAwMDAwMDAwLCJ1cGRhdGUiOjMwMDAwMDAwMDAwMH0sInNjaGVtYV92ZXJzaW9uIjoiMSJ9",
          "dependencies": [
            "yandex_compute_instance.balance_nginx1",
            "yandex_vpc_network.vpc",
            "yandex_vpc_route_table.nat-instance-route1",
            "yandex_vpc_security_group.nat-instance-sg",
            "yandex_vpc_subnet.private_subnet1",
            "yandex_vpc_subnet.public_subnet1"
          ]
        }
      ]
    },
    {
      "mode": "managed",
      "type": "yandex_lb_network_load_balancer",
      "name": "nlb",
      "provider": "provider[\"registry.terraform.io/yandex-cloud/yandex\"]",
      "instances": [
        {
          "schema_version": 0,
          "attributes": {
            "attached_target_group": [
              {
                "healthcheck": [
                  {
                    "healthy_threshold": 2,
                    "http_options": [
                      {
                        "path": "",
                        "port": 80
                      }
                    ],
                    "interval": 2,
                    "name": "test",
                    "tcp_options": [],
                    "timeout": 1,
                    "unhealthy_threshold": 2
                  }
                ],
                "target_group_id": "enpi8gb686rl1ur5efkg"
              },
              {
                "healthcheck": [
                  {
                    "healthy_threshold": 2,
                    "http_options": [
                      {
                        "path": "",
                        "port": 80
                      }
                    ],
                    "interval": 2,
                    "name": "test2",
                    "tcp_options": [],
                    "timeout": 1,
                    "unhealthy_threshold": 2
                  }
                ],
                "target_group_id": "enpbjcgg909uh1sqrcbs"
              }
            ],
            "created_at": "2024-01-08T21:16:37Z",
            "deletion_protection": false,
            "description": "",
            "folder_id": "b1ggf0njdafu0q8tluif",
            "id": "enpcuuf442tnq06scdqa",
            "labels": null,
            "listener": [
              {
                "external_address_spec": [
                  {
                    "address": "158.160.138.127",
                    "ip_version": "ipv4"
                  }
                ],
                "internal_address_spec": [],
                "name": "lst1",
                "port": 80,
                "protocol": "tcp",
                "target_port": 80
              }
            ],
            "name": "nlb",
            "region_id": "ru-central1",
            "timeouts": null,
            "type": "external"
          },
          "sensitive_attributes": [],
          "private": "eyJlMmJmYjczMC1lY2FhLTExZTYtOGY4OC0zNDM2M2JjN2M0YzAiOnsiY3JlYXRlIjozMDAwMDAwMDAwMDAsImRlbGV0ZSI6MzAwMDAwMDAwMDAwLCJ1cGRhdGUiOjMwMDAwMDAwMDAwMH19",
          "dependencies": [
            "yandex_compute_instance.balance_nginx1",
            "yandex_compute_instance.balance_nginx2",
            "yandex_lb_target_group.target_gr1",
            "yandex_lb_target_group.target_gr2",
            "yandex_vpc_network.vpc",
            "yandex_vpc_security_group.nat-instance-sg",
            "yandex_vpc_subnet.public_subnet1",
            "yandex_vpc_subnet.public_subnet2"
          ]
        }
      ]
    },
    {
      "mode": "managed",
      "type": "yandex_lb_target_group",
      "name": "target_gr1",
      "provider": "provider[\"registry.terraform.io/yandex-cloud/yandex\"]",
      "instances": [
        {
          "schema_version": 0,
          "attributes": {
            "created_at": "2024-01-08T21:15:52Z",
            "description": "",
            "folder_id": "b1ggf0njdafu0q8tluif",
            "id": "enpi8gb686rl1ur5efkg",
            "labels": null,
            "name": "tg-1",
            "region_id": "ru-central1",
            "target": [
              {
                "address": "10.10.12.13",
                "subnet_id": "e9b2jv8ff4bumkf3lc79"
              }
            ],
            "timeouts": null
          },
          "sensitive_attributes": [],
          "private": "eyJlMmJmYjczMC1lY2FhLTExZTYtOGY4OC0zNDM2M2JjN2M0YzAiOnsiY3JlYXRlIjozMDAwMDAwMDAwMDAsImRlbGV0ZSI6MzAwMDAwMDAwMDAwLCJ1cGRhdGUiOjMwMDAwMDAwMDAwMH19",
          "dependencies": [
            "yandex_compute_instance.balance_nginx1",
            "yandex_vpc_network.vpc",
            "yandex_vpc_security_group.nat-instance-sg",
            "yandex_vpc_subnet.public_subnet1"
          ]
        }
      ]
    },
    {
      "mode": "managed",
      "type": "yandex_lb_target_group",
      "name": "target_gr2",
      "provider": "provider[\"registry.terraform.io/yandex-cloud/yandex\"]",
      "instances": [
        {
          "schema_version": 0,
          "attributes": {
            "created_at": "2024-01-08T21:16:35Z",
            "description": "",
            "folder_id": "b1ggf0njdafu0q8tluif",
            "id": "enpbjcgg909uh1sqrcbs",
            "labels": null,
            "name": "tg-2",
            "region_id": "ru-central1",
            "target": [
              {
                "address": "10.10.13.22",
                "subnet_id": "e2lpkjsj52eh2braodfl"
              }
            ],
            "timeouts": null
          },
          "sensitive_attributes": [],
          "private": "eyJlMmJmYjczMC1lY2FhLTExZTYtOGY4OC0zNDM2M2JjN2M0YzAiOnsiY3JlYXRlIjozMDAwMDAwMDAwMDAsImRlbGV0ZSI6MzAwMDAwMDAwMDAwLCJ1cGRhdGUiOjMwMDAwMDAwMDAwMH19",
          "dependencies": [
            "yandex_compute_instance.balance_nginx2",
            "yandex_vpc_network.vpc",
            "yandex_vpc_security_group.nat-instance-sg",
            "yandex_vpc_subnet.public_subnet2"
          ]
        }
      ]
    },
    {
      "mode": "managed",
      "type": "yandex_vpc_network",
      "name": "vpc",
      "provider": "provider[\"registry.terraform.io/yandex-cloud/yandex\"]",
      "instances": [
        {
          "schema_version": 0,
          "attributes": {
            "created_at": "2024-01-08T21:15:10Z",
            "default_security_group_id": "enprhd54i20u2fcg6eu6",
            "description": "",
            "folder_id": "b1ggf0njdafu0q8tluif",
            "id": "enpm8u9jdr990l2au3hg",
            "labels": {},
            "name": "demo_vpc",
            "subnet_ids": [],
            "timeouts": null
          },
          "sensitive_attributes": [],
          "private": "eyJlMmJmYjczMC1lY2FhLTExZTYtOGY4OC0zNDM2M2JjN2M0YzAiOnsiY3JlYXRlIjo2MDAwMDAwMDAwMCwiZGVsZXRlIjo2MDAwMDAwMDAwMCwidXBkYXRlIjo2MDAwMDAwMDAwMH19"
        }
      ]
    },
    {
      "mode": "managed",
      "type": "yandex_vpc_route_table",
      "name": "nat-instance-route1",
      "provider": "provider[\"registry.terraform.io/yandex-cloud/yandex\"]",
      "instances": [
        {
          "schema_version": 0,
          "attributes": {
            "created_at": "2024-01-08T21:15:52Z",
            "description": "",
            "folder_id": "b1ggf0njdafu0q8tluif",
            "id": "enpmd1s7tdo3sjvmb237",
            "labels": {},
            "name": "nat-instance-route1",
            "network_id": "enpm8u9jdr990l2au3hg",
            "static_route": [
              {
                "destination_prefix": "0.0.0.0/0",
                "gateway_id": "",
                "next_hop_address": "10.10.12.13"
              }
            ],
            "timeouts": null
          },
          "sensitive_attributes": [],
          "private": "eyJlMmJmYjczMC1lY2FhLTExZTYtOGY4OC0zNDM2M2JjN2M0YzAiOnsiY3JlYXRlIjoxODAwMDAwMDAwMDAsImRlbGV0ZSI6MTgwMDAwMDAwMDAwLCJ1cGRhdGUiOjE4MDAwMDAwMDAwMH19",
          "dependencies": [
            "yandex_compute_instance.balance_nginx1",
            "yandex_vpc_network.vpc",
            "yandex_vpc_security_group.nat-instance-sg",
            "yandex_vpc_subnet.public_subnet1"
          ]
        }
      ]
    },
    {
      "mode": "managed",
      "type": "yandex_vpc_route_table",
      "name": "nat-instance-route2",
      "provider": "provider[\"registry.terraform.io/yandex-cloud/yandex\"]",
      "instances": [
        {
          "schema_version": 0,
          "attributes": {
            "created_at": "2024-01-08T21:16:35Z",
            "description": "",
            "folder_id": "b1ggf0njdafu0q8tluif",
            "id": "enp1vhrob5f8qd8d9ens",
            "labels": {},
            "name": "nat-instance-route2",
            "network_id": "enpm8u9jdr990l2au3hg",
            "static_route": [
              {
                "destination_prefix": "0.0.0.0/0",
                "gateway_id": "",
                "next_hop_address": "10.10.13.22"
              }
            ],
            "timeouts": null
          },
          "sensitive_attributes": [],
          "private": "eyJlMmJmYjczMC1lY2FhLTExZTYtOGY4OC0zNDM2M2JjN2M0YzAiOnsiY3JlYXRlIjoxODAwMDAwMDAwMDAsImRlbGV0ZSI6MTgwMDAwMDAwMDAwLCJ1cGRhdGUiOjE4MDAwMDAwMDAwMH19",
          "dependencies": [
            "yandex_compute_instance.balance_nginx2",
            "yandex_vpc_network.vpc",
            "yandex_vpc_security_group.nat-instance-sg",
            "yandex_vpc_subnet.public_subnet2"
          ]
        }
      ]
    },
    {
      "mode": "managed",
      "type": "yandex_vpc_security_group",
      "name": "nat-instance-sg",
      "provider": "provider[\"registry.terraform.io/yandex-cloud/yandex\"]",
      "instances": [
        {
          "schema_version": 0,
          "attributes": {
            "created_at": "2024-01-08T21:15:13Z",
            "description": "",
            "egress": [
              {
                "description": "any",
                "from_port": -1,
                "id": "enp18i80i6fsiliff0aa",
                "labels": {},
                "port": -1,
                "predefined_target": "",
                "protocol": "ANY",
                "security_group_id": "",
                "to_port": -1,
                "v4_cidr_blocks": [
                  "0.0.0.0/0"
                ],
                "v6_cidr_blocks": []
              }
            ],
            "folder_id": "b1ggf0njdafu0q8tluif",
            "id": "enp16hbfaevlosq3egdq",
            "ingress": [
              {
                "description": "ext-http",
                "from_port": -1,
                "id": "enpkoojrkngu976g2a2g",
                "labels": {},
                "port": 80,
                "predefined_target": "",
                "protocol": "TCP",
                "security_group_id": "",
                "to_port": -1,
                "v4_cidr_blocks": [
                  "0.0.0.0/0"
                ],
                "v6_cidr_blocks": []
              },
              {
                "description": "ext-https",
                "from_port": -1,
                "id": "enpeduir02erllb00nil",
                "labels": {},
                "port": 443,
                "predefined_target": "",
                "protocol": "TCP",
                "security_group_id": "",
                "to_port": -1,
                "v4_cidr_blocks": [
                  "0.0.0.0/0"
                ],
                "v6_cidr_blocks": []
              },
              {
                "description": "ftp",
                "from_port": -1,
                "id": "enpn33jvnrd9al7c33go",
                "labels": {},
                "port": 21,
                "predefined_target": "",
                "protocol": "TCP",
                "security_group_id": "",
                "to_port": -1,
                "v4_cidr_blocks": [
                  "0.0.0.0/0"
                ],
                "v6_cidr_blocks": []
              },
              {
                "description": "icmp",
                "from_port": -1,
                "id": "enplm9fevlshfvepsnqh",
                "labels": {},
                "port": -1,
                "predefined_target": "",
                "protocol": "ICMP",
                "security_group_id": "",
                "to_port": -1,
                "v4_cidr_blocks": [
                  "0.0.0.0/0"
                ],
                "v6_cidr_blocks": []
              },
              {
                "description": "ssh",
                "from_port": -1,
                "id": "enp8p77o5dh76uraa78u",
                "labels": {},
                "port": 22,
                "predefined_target": "",
                "protocol": "TCP",
                "security_group_id": "",
                "to_port": -1,
                "v4_cidr_blocks": [
                  "0.0.0.0/0"
                ],
                "v6_cidr_blocks": []
              },
              {
                "description": "update",
                "from_port": -1,
                "id": "enp2mlfikt1kh1hoh1mt",
                "labels": {},
                "port": 871,
                "predefined_target": "",
                "protocol": "TCP",
                "security_group_id": "",
                "to_port": -1,
                "v4_cidr_blocks": [
                  "0.0.0.0/0"
                ],
                "v6_cidr_blocks": []
              }
            ],
            "labels": {},
            "name": "nat-instance-sg",
            "network_id": "enpm8u9jdr990l2au3hg",
            "status": "ACTIVE",
            "timeouts": null
          },
          "sensitive_attributes": [],
          "private": "eyJlMmJmYjczMC1lY2FhLTExZTYtOGY4OC0zNDM2M2JjN2M0YzAiOnsiY3JlYXRlIjoxODAwMDAwMDAwMDAsImRlbGV0ZSI6MTgwMDAwMDAwMDAwLCJ1cGRhdGUiOjE4MDAwMDAwMDAwMH19",
          "dependencies": [
            "yandex_vpc_network.vpc"
          ]
        }
      ]
    },
    {
      "mode": "managed",
      "type": "yandex_vpc_subnet",
      "name": "private_subnet1",
      "provider": "provider[\"registry.terraform.io/yandex-cloud/yandex\"]",
      "instances": [
        {
          "schema_version": 0,
          "attributes": {
            "created_at": "2024-01-08T21:15:53Z",
            "description": "",
            "dhcp_options": [],
            "folder_id": "b1ggf0njdafu0q8tluif",
            "id": "e9bpq299kufi9g8t3v5u",
            "labels": {},
            "name": "demo_subnet1",
            "network_id": "enpm8u9jdr990l2au3hg",
            "route_table_id": "enpmd1s7tdo3sjvmb237",
            "timeouts": null,
            "v4_cidr_blocks": [
              "10.10.10.0/24"
            ],
            "v6_cidr_blocks": [],
            "zone": "ru-central1-a"
          },
          "sensitive_attributes": [],
          "private": "eyJlMmJmYjczMC1lY2FhLTExZTYtOGY4OC0zNDM2M2JjN2M0YzAiOnsiY3JlYXRlIjoxODAwMDAwMDAwMDAsImRlbGV0ZSI6MTgwMDAwMDAwMDAwLCJ1cGRhdGUiOjE4MDAwMDAwMDAwMH19",
          "dependencies": [
            "yandex_compute_instance.balance_nginx1",
            "yandex_vpc_network.vpc",
            "yandex_vpc_route_table.nat-instance-route1",
            "yandex_vpc_security_group.nat-instance-sg",
            "yandex_vpc_subnet.public_subnet1"
          ]
        }
      ]
    },
    {
      "mode": "managed",
      "type": "yandex_vpc_subnet",
      "name": "private_subnet2",
      "provider": "provider[\"registry.terraform.io/yandex-cloud/yandex\"]",
      "instances": [
        {
          "schema_version": 0,
          "attributes": {
            "created_at": "2024-01-08T21:16:36Z",
            "description": "",
            "dhcp_options": [],
            "folder_id": "b1ggf0njdafu0q8tluif",
            "id": "e2ldgbsfmpp30ntkh8rp",
            "labels": {},
            "name": "demo_subnet2",
            "network_id": "enpm8u9jdr990l2au3hg",
            "route_table_id": "enp1vhrob5f8qd8d9ens",
            "timeouts": null,
            "v4_cidr_blocks": [
              "10.10.11.0/24"
            ],
            "v6_cidr_blocks": [],
            "zone": "ru-central1-b"
          },
          "sensitive_attributes": [],
          "private": "eyJlMmJmYjczMC1lY2FhLTExZTYtOGY4OC0zNDM2M2JjN2M0YzAiOnsiY3JlYXRlIjoxODAwMDAwMDAwMDAsImRlbGV0ZSI6MTgwMDAwMDAwMDAwLCJ1cGRhdGUiOjE4MDAwMDAwMDAwMH19",
          "dependencies": [
            "yandex_compute_instance.balance_nginx2",
            "yandex_vpc_network.vpc",
            "yandex_vpc_route_table.nat-instance-route2",
            "yandex_vpc_security_group.nat-instance-sg",
            "yandex_vpc_subnet.public_subnet2"
          ]
        }
      ]
    },
    {
      "mode": "managed",
      "type": "yandex_vpc_subnet",
      "name": "public_subnet1",
      "provider": "provider[\"registry.terraform.io/yandex-cloud/yandex\"]",
      "instances": [
        {
          "schema_version": 0,
          "attributes": {
            "created_at": "2024-01-08T21:15:13Z",
            "description": "",
            "dhcp_options": [],
            "folder_id": "b1ggf0njdafu0q8tluif",
            "id": "e9b2jv8ff4bumkf3lc79",
            "labels": {},
            "name": "pub_subnet1",
            "network_id": "enpm8u9jdr990l2au3hg",
            "route_table_id": "",
            "timeouts": null,
            "v4_cidr_blocks": [
              "10.10.12.0/24"
            ],
            "v6_cidr_blocks": [],
            "zone": "ru-central1-a"
          },
          "sensitive_attributes": [],
          "private": "eyJlMmJmYjczMC1lY2FhLTExZTYtOGY4OC0zNDM2M2JjN2M0YzAiOnsiY3JlYXRlIjoxODAwMDAwMDAwMDAsImRlbGV0ZSI6MTgwMDAwMDAwMDAwLCJ1cGRhdGUiOjE4MDAwMDAwMDAwMH19",
          "dependencies": [
            "yandex_vpc_network.vpc"
          ]
        }
      ]
    },
    {
      "mode": "managed",
      "type": "yandex_vpc_subnet",
      "name": "public_subnet2",
      "provider": "provider[\"registry.terraform.io/yandex-cloud/yandex\"]",
      "instances": [
        {
          "schema_version": 0,
          "attributes": {
            "created_at": "2024-01-08T21:15:12Z",
            "description": "",
            "dhcp_options": [],
            "folder_id": "b1ggf0njdafu0q8tluif",
            "id": "e2lpkjsj52eh2braodfl",
            "labels": {},
            "name": "pub_subnet2",
            "network_id": "enpm8u9jdr990l2au3hg",
            "route_table_id": "",
            "timeouts": null,
            "v4_cidr_blocks": [
              "10.10.13.0/24"
            ],
            "v6_cidr_blocks": [],
            "zone": "ru-central1-b"
          },
          "sensitive_attributes": [],
          "private": "eyJlMmJmYjczMC1lY2FhLTExZTYtOGY4OC0zNDM2M2JjN2M0YzAiOnsiY3JlYXRlIjoxODAwMDAwMDAwMDAsImRlbGV0ZSI6MTgwMDAwMDAwMDAwLCJ1cGRhdGUiOjE4MDAwMDAwMDAwMH19",
          "dependencies": [
            "yandex_vpc_network.vpc"
          ]
        }
      ]
    }
  ],
  "check_results": null
}
